// !$*UTF8*$!
{
	archiveVersion = 1;
	classes = {
	};
	objectVersion = 46;
	objects = {

/* Begin PBXBuildFile section */
		624B88461F1D93360097A42F /* AppDelegate.swift in Sources */ = {isa = PBXBuildFile; fileRef = 624B88451F1D93360097A42F /* AppDelegate.swift */; };
		624B88481F1D93360097A42F /* ViewController.swift in Sources */ = {isa = PBXBuildFile; fileRef = 624B88471F1D93360097A42F /* ViewController.swift */; };
		624B884B1F1D93360097A42F /* Main.storyboard in Resources */ = {isa = PBXBuildFile; fileRef = 624B88491F1D93360097A42F /* Main.storyboard */; };
		624B884D1F1D93360097A42F /* Assets.xcassets in Resources */ = {isa = PBXBuildFile; fileRef = 624B884C1F1D93360097A42F /* Assets.xcassets */; };
		624B88501F1D93360097A42F /* LaunchScreen.storyboard in Resources */ = {isa = PBXBuildFile; fileRef = 624B884E1F1D93360097A42F /* LaunchScreen.storyboard */; };
		624B88581F1DE0010097A42F /* htmlView.html in Resources */ = {isa = PBXBuildFile; fileRef = 624B88571F1DE0010097A42F /* htmlView.html */; };
/* End PBXBuildFile section */

/* Begin PBXFileReference section */
		624B88421F1D93360097A42F /* WebMission.app */ = {isa = PBXFileReference; explicitFileType = wrapper.application; includeInIndex = 0; path = WebMission.app; sourceTree = BUILT_PRODUCTS_DIR; };
		624B88451F1D93360097A42F /* AppDelegate.swift */ = {isa = PBXFileReference; lastKnownFileType = sourcecode.swift; path = AppDelegate.swift; sourceTree = "<group>"; };
		624B88471F1D93360097A42F /* ViewController.swift */ = {isa = PBXFileReference; lastKnownFileType = sourcecode.swift; path = ViewController.swift; sourceTree = "<group>"; };
		624B884A1F1D93360097A42F /* Base */ = {isa = PBXFileReference; lastKnownFileType = file.storyboard; name = Base; path = Base.lproj/Main.storyboard; sourceTree = "<group>"; };
		624B884C1F1D93360097A42F /* Assets.xcassets */ = {isa = PBXFileReference; lastKnownFileType = folder.assetcatalog; path = Assets.xcassets; sourceTree = "<group>"; };
		624B884F1F1D93360097A42F /* Base */ = {isa = PBXFileReference; lastKnownFileType = file.storyboard; name = Base; path = Base.lproj/LaunchScreen.storyboard; sourceTree = "<group>"; };
		624B88511F1D93360097A42F /* Info.plist */ = {isa = PBXFileReference; lastKnownFileType = text.plist.xml; path = Info.plist; sourceTree = "<group>"; };
		624B88571F1DE0010097A42F /* htmlView.html */ = {isa = PBXFileReference; fileEncoding = 4; lastKnownFileType = text.html; path = htmlView.html; sourceTree = "<group>"; };
/* End PBXFileReference section */

/* Begin PBXFrameworksBuildPhase section */
		624B883F1F1D93360097A42F /* Frameworks */ = {
			isa = PBXFrameworksBuildPhase;
			buildActionMask = 2147483647;
			files = (
			);
			runOnlyForDeploymentPostprocessing = 0;
		};
/* End PBXFrameworksBuildPhase section */

/* Begin PBXGroup section */
		624B88391F1D93360097A42F = {
			isa = PBXGroup;
			children = (
				624B88441F1D93360097A42F /* WebMission */,
				624B88431F1D93360097A42F /* Products */,
			);
			sourceTree = "<group>";
		};
		624B88431F1D93360097A42F /* Products */ = {
			isa = PBXGroup;
			children = (
				624B88421F1D93360097A42F /* WebMission.app */,
			);
			name = Products;
			sourceTree = "<group>";
		};
		624B88441F1D93360097A42F /* WebMission */ = {
			isa = PBXGroup;
			children = (
				624B88451F1D93360097A42F /* AppDelegate.swift */,
				624B88571F1DE0010097A42F /* htmlView.html */,
				624B88471F1D93360097A42F /* ViewController.swift */,
				624B88491F1D93360097A42F /* Main.storyboard */,
				624B884C1F1D93360097A42F /* Assets.xcassets */,
				624B884E1F1D93360097A42F /* LaunchScreen.storyboard */,
				624B88511F1D93360097A42F /* Info.plist */,
			);
			path = WebMission;
			sourceTree = "<group>";
		};
/* End PBXGroup section */

/* Begin PBXNativeTarget section */
		624B88411F1D93360097A42F /* WebMission */ = {
			isa = PBXNativeTarget;
			buildConfigurationList = 624B88541F1D93360097A42F /* Build configuration list for PBXNativeTarget "WebMission" */;
			buildPhases = (
				624B883E1F1D93360097A42F /* Sources */,
				624B883F1F1D93360097A42F /* Frameworks */,
				624B88401F1D93360097A42F /* Resources */,
			);
			buildRules = (
			);
			dependencies = (
			);
			name = WebMission;
			productName = WebMission;
			productReference = 624B88421F1D93360097A42F /* WebMission.app */;
			productType = "com.apple.product-type.application";
		};
/* End PBXNativeTarget section */

/* Begin PBXProject section */
		624B883A1F1D93360097A42F /* Project object */ = {
			isa = PBXProject;
			attributes = {
				LastSwiftUpdateCheck = 0830;
				LastUpgradeCheck = 0830;
				ORGANIZATIONNAME = yanyangTest;
				TargetAttributes = {
					624B88411F1D93360097A42F = {
						CreatedOnToolsVersion = 8.3.3;
						DevelopmentTeam = ZSRT6TBHV7;
						ProvisioningStyle = Automatic;
					};
				};
			};
			buildConfigurationList = 624B883D1F1D93360097A42F /* Build configuration list for PBXProject "WebMission" */;
			compatibilityVersion = "Xcode 3.2";
			developmentRegion = English;
			hasScannedForEncodings = 0;
			knownRegions = (
				en,
				Base,
			);
			mainGroup = 624B88391F1D93360097A42F;
			productRefGroup = 624B88431F1D93360097A42F /* Products */;
			projectDirPath = "";
			projectRoot = "";
			targets = (
				624B88411F1D93360097A42F /* WebMission */,
			);
		};
/* End PBXProject section */

/* Begin PBXResourcesBuildPhase section */
		624B88401F1D93360097A42F /* Resources */ = {
			isa = PBXResourcesBuildPhase;
			buildActionMask = 2147483647;
			files = (
				624B88581F1DE0010097A42F /* htmlView.html in Resources */,
				624B88501F1D93360097A42F /* LaunchScreen.storyboard in Resources */,
				624B884D1F1D93360097A42F /* Assets.xcassets in Resources */,
				624B884B1F1D93360097A42F /* Main.storyboard in Resources */,
			);
			runOnlyForDeploymentPostprocessing = 0;
		};
/* End PBXResourcesBuildPhase section */

/* Begin PBXSourcesBuildPhase section */
		624B883E1F1D93360097A42F /* Sources */ = {
			isa = PBXSourcesBuildPhase;
			buildActionMask = 2147483647;
			files = (
				624B88481F1D93360097A42F /* ViewController.swift in Sources */,
				624B88461F1D93360097A42F /* AppDelegate.swift in Sources */,
			);
			runOnlyForDeploymentPostprocessing = 0;
		};
/* End PBXSourcesBuildPhase section */

/* Begin PBXVariantGroup section */
		624B88491F1D93360097A42F /* Main.storyboard */ = {
			isa = PBXVariantGroup;
			children = (
				624B884A1F1D93360097A42F /* Base */,
			);
			name = Main.storyboard;
			sourceTree = "<group>";
		};
		624B884E1F1D93360097A42F /* LaunchScreen.storyboard */ = {
			isa = PBXVariantGroup;
			children = (
				624B884F1F1D93360097A42F /* Base */,
			);
			name = LaunchScreen.storyboard;
			sourceTree = "<group>";
		};
/* End PBXVariantGroup section */

/* Begin XCBuildConfiguration section */
		624B88521F1D93360097A42F /* Debug */ = {
			isa = XCBuildConfiguration;
			buildSettings = {
				ALWAYS_SEARCH_USER_PATHS = NO;
				CLANG_ANALYZER_NONNULL = YES;
				CLANG_ANALYZER_NUMBER_OBJECT_CONVERSION = YES_AGGRESSIVE;
				CLANG_CXX_LANGUAGE_STANDARD = "gnu++0x";
				CLANG_CXX_LIBRARY = "libc++";
				CLANG_ENABLE_MODULES = YES;
				CLANG_ENABLE_OBJC_ARC = YES;
				CLANG_WARN_BOOL_CONVERSION = YES;
				CLANG_WARN_CONSTANT_CONVERSION = YES;
				CLANG_WARN_DIRECT_OBJC_ISA_USAGE = YES_ERROR;
				CLANG_WARN_DOCUMENTATION_COMMENTS = YES;
				CLANG_WARN_EMPTY_BODY = YES;
				CLANG_WARN_ENUM_CONVERSION = YES;
				CLANG_WARN_INFINITE_RECURSION = YES;
				CLANG_WARN_INT_CONVERSION = YES;
				CLANG_WARN_OBJC_ROOT_CLASS = YES_ERROR;
				CLANG_WARN_SUSPICIOUS_MOVE = YES;
				CLANG_WARN_UNREACHABLE_CODE = YES;
				CLANG_WARN__DUPLICATE_METHOD_MATCH = YES;
				"CODE_SIGN_IDENTITY[sdk=iphoneos*]" = "iPhone Developer";
				COPY_PHASE_STRIP = NO;
				DEBUG_INFORMATION_FORMAT = dwarf;
				ENABLE_STRICT_OBJC_MSGSEND = YES;
				ENABLE_TESTABILITY = YES;
				GCC_C_LANGUAGE_STANDARD = gnu99;
				GCC_DYNAMIC_NO_PIC = NO;
				GCC_NO_COMMON_BLOCKS = YES;
				GCC_OPTIMIZATION_LEVEL = 0;
				GCC_PREPROCESSOR_DEFINITIONS = (
					"DEBUG=1",
					"$(inherited)",
				);
				GCC_WARN_64_TO_32_BIT_CONVERSION = YES;
				GCC_WARN_ABOUT_RETURN_TYPE = YES_ERROR;
				GCC_WARN_UNDECLARED_SELECTOR = YES;
				GCC_WARN_UNINITIALIZED_AUTOS = YES_AGGRESSIVE;
				GCC_WARN_UNUSED_FUNCTION = YES;
				GCC_WARN_UNUSED_VARIABLE = YES;
				IPHONEOS_DEPLOYMENT_TARGET = 10.3;
				MTL_ENABLE_DEBUG_INFO = YES;
				ONLY_ACTIVE_ARCH = YES;
				SDKROOT = iphoneos;
				SWIFT_ACTIVE_COMPILATION_CONDITIONS = DEBUG;
				SWIFT_OPTIMIZATION_LEVEL = "-Onone";
			};
			name = Debug;
		};
		624B88531F1D93360097A42F /* Release */ = {
			isa = XCBuildConfiguration;
			buildSettings = {
				ALWAYS_SEARCH_USER_PATHS = NO;
				CLANG_ANALYZER_NONNULL = YES;
				CLANG_ANALYZER_NUMBER_OBJECT_CONVERSION = YES_AGGRESSIVE;
				CLANG_CXX_LANGUAGE_STANDARD = "gnu++0x";
				CLANG_CXX_LIBRARY = "libc++";
				CLANG_ENABLE_MODULES = YES;
				CLANG_ENABLE_OBJC_ARC = YES;
				CLANG_WARN_BOOL_CONVERSION = YES;
				CLANG_WARN_CONSTANT_CONVERSION = YES;
				CLANG_WARN_DIRECT_OBJC_ISA_USAGE = YES_ERROR;
				CLANG_WARN_DOCUMENTATION_COMMENTS = YES;
				CLANG_WARN_EMPTY_BODY = YES;
				CLANG_WARN_ENUM_CONVERSION = YES;
				CLANG_WARN_INFINITE_RECURSION = YES;
				CLANG_WARN_INT_CONVERSION = YES;
				CLANG_WARN_OBJC_ROOT_CLASS = YES_ERROR;
				CLANG_WARN_SUSPICIOUS_MOVE = YES;
				CLANG_WARN_UNREACHABLE_CODE = YES;
				CLANG_WARN__DUPLICATE_METHOD_MATCH = YES;
				"CODE_SIGN_IDENTITY[sdk=iphoneos*]" = "iPhone Developer";
				COPY_PHASE_STRIP = NO;
				DEBUG_INFORMATION_FORMAT = "dwarf-with-dsym";
				ENABLE_NS_ASSERTIONS = NO;
				ENABLE_STRICT_OBJC_MSGSEND = YES;
				GCC_C_LANGUAGE_STANDARD = gnu99;
				GCC_NO_COMMON_BLOCKS = YES;
				GCC_WARN_64_TO_32_BIT_CONVERSION = YES;
				GCC_WARN_ABOUT_RETURN_TYPE = YES_ERROR;
				GCC_WARN_UNDECLARED_SELECTOR = YES;
				GCC_WARN_UNINITIALIZED_AUTOS = YES_AGGRESSIVE;
				GCC_WARN_UNUSED_FUNCTION = YES;
				GCC_WARN_UNUSED_VARIABLE = YES;
				IPHONEOS_DEPLOYMENT_TARGET = 10.3;
				MTL_ENABLE_DEBUG_INFO = NO;
				SDKROOT = iphoneos;
				SWIFT_OPTIMIZATION_LEVEL = "-Owholemodule";
				VALIDATE_PRODUCT = YES;
			};
			name = Release;
		};
		624B88551F1D93360097A42F /* Debug */ = {
			isa = XCBuildConfiguration;
			buildSettings = {
				ASSETCATALOG_COMPILER_APPICON_NAME = AppIcon;
				DEVELOPMENT_TEAM = ZSRT6TBHV7;
				INFOPLIST_FILE = WebMission/Info.plist;
				LD_RUNPATH_SEARCH_PATHS = "$(inherited) @executable_path/Frameworks";
				PRODUCT_BUNDLE_IDENTIFIER = com.yanyang.WebMission;
				PRODUCT_NAME = "$(TARGET_NAME)";
				SWIFT_VERSION = 3.0;
			};
			name = Debug;
		};
		624B88561F1D93360097A42F /* Release */ = {
			isa = XCBuildConfiguration;
			buildSettings = {
				ASSETCATALOG_COMPILER_APPICON_NAME = AppIcon;
				DEVELOPMENT_TEAM = ZSRT6TBHV7;
				INFOPLIST_FILE = WebMission/Info.plist;
				LD_RUNPATH_SEARCH_PATHS = "$(inherited) @executable_path/Frameworks";
				PRODUCT_BUNDLE_IDENTIFIER = com.yanyang.WebMission;
				PRODUCT_NAME = "$(TARGET_NAME)";
				SWIFT_VERSION = 3.0;
			};
			name = Release;
		};
/* End XCBuildConfiguration section */

/* Begin XCConfigurationList section */
		624B883D1F1D93360097A42F /* Build configuration list for PBXProject "WebMission" */ = {
			isa = XCConfigurationList;
			buildConfigurations = (
				624B88521F1D93360097A42F /* Debug */,
				624B88531F1D93360097A42F /* Release */,
			);
			defaultConfigurationIsVisible = 0;
			defaultConfigurationName = Release;
		};
		624B88541F1D93360097A42F /* Build configuration list for PBXNativeTarget "WebMission" */ = {
			isa = XCConfigurationList;
			buildConfigurations = (
				624B88551F1D93360097A42F /* Debug */,
				624B88561F1D93360097A42F /* Release */,
			);
			defaultConfigurationIsVisible = 0;
		};
/* End XCConfigurationList section */
	};
	rootObject = 624B883A1F1D93360097A42F /* Project object */;
}
