// !$*UTF8*$!
{
	archiveVersion = 1;
	classes = {
	};
	objectVersion = 46;
	objects = {

/* Begin PBXBuildFile section */
		62937BF41EF7E19100F75980 /* AppDelegate.swift in Sources */ = {isa = PBXBuildFile; fileRef = 62937BF31EF7E19100F75980 /* AppDelegate.swift */; };
		62937BF61EF7E19100F75980 /* ViewController.swift in Sources */ = {isa = PBXBuildFile; fileRef = 62937BF51EF7E19100F75980 /* ViewController.swift */; };
		62937BF91EF7E19100F75980 /* Main.storyboard in Resources */ = {isa = PBXBuildFile; fileRef = 62937BF71EF7E19100F75980 /* Main.storyboard */; };
		62937BFB1EF7E19100F75980 /* Assets.xcassets in Resources */ = {isa = PBXBuildFile; fileRef = 62937BFA1EF7E19100F75980 /* Assets.xcassets */; };
		62937BFE1EF7E19100F75980 /* LaunchScreen.storyboard in Resources */ = {isa = PBXBuildFile; fileRef = 62937BFC1EF7E19100F75980 /* LaunchScreen.storyboard */; };
		62937C0B1EF7E1F400F75980 /* 01.png in Resources */ = {isa = PBXBuildFile; fileRef = 62937C051EF7E1F400F75980 /* 01.png */; };
		62937C0C1EF7E1F400F75980 /* 02.png in Resources */ = {isa = PBXBuildFile; fileRef = 62937C061EF7E1F400F75980 /* 02.png */; };
		62937C0D1EF7E1F400F75980 /* 03.png in Resources */ = {isa = PBXBuildFile; fileRef = 62937C071EF7E1F400F75980 /* 03.png */; };
		62937C0E1EF7E1F400F75980 /* 04.png in Resources */ = {isa = PBXBuildFile; fileRef = 62937C081EF7E1F400F75980 /* 04.png */; };
		62937C0F1EF7E1F400F75980 /* 05.png in Resources */ = {isa = PBXBuildFile; fileRef = 62937C091EF7E1F400F75980 /* 05.png */; };
		62937C101EF7E1F400F75980 /* 06.png in Resources */ = {isa = PBXBuildFile; fileRef = 62937C0A1EF7E1F400F75980 /* 06.png */; };
/* End PBXBuildFile section */

/* Begin PBXFileReference section */
		62937BF01EF7E19100F75980 /* ImageViewMission.app */ = {isa = PBXFileReference; explicitFileType = wrapper.application; includeInIndex = 0; path = ImageViewMission.app; sourceTree = BUILT_PRODUCTS_DIR; };
		62937BF31EF7E19100F75980 /* AppDelegate.swift */ = {isa = PBXFileReference; lastKnownFileType = sourcecode.swift; path = AppDelegate.swift; sourceTree = "<group>"; };
		62937BF51EF7E19100F75980 /* ViewController.swift */ = {isa = PBXFileReference; lastKnownFileType = sourcecode.swift; path = ViewController.swift; sourceTree = "<group>"; };
		62937BF81EF7E19100F75980 /* Base */ = {isa = PBXFileReference; lastKnownFileType = file.storyboard; name = Base; path = Base.lproj/Main.storyboard; sourceTree = "<group>"; };
		62937BFA1EF7E19100F75980 /* Assets.xcassets */ = {isa = PBXFileReference; lastKnownFileType = folder.assetcatalog; path = Assets.xcassets; sourceTree = "<group>"; };
		62937BFD1EF7E19100F75980 /* Base */ = {isa = PBXFileReference; lastKnownFileType = file.storyboard; name = Base; path = Base.lproj/LaunchScreen.storyboard; sourceTree = "<group>"; };
		62937BFF1EF7E19100F75980 /* Info.plist */ = {isa = PBXFileReference; lastKnownFileType = text.plist.xml; path = Info.plist; sourceTree = "<group>"; };
		62937C051EF7E1F400F75980 /* 01.png */ = {isa = PBXFileReference; lastKnownFileType = image.png; path = 01.png; sourceTree = "<group>"; };
		62937C061EF7E1F400F75980 /* 02.png */ = {isa = PBXFileReference; lastKnownFileType = image.png; path = 02.png; sourceTree = "<group>"; };
		62937C071EF7E1F400F75980 /* 03.png */ = {isa = PBXFileReference; lastKnownFileType = image.png; path = 03.png; sourceTree = "<group>"; };
		62937C081EF7E1F400F75980 /* 04.png */ = {isa = PBXFileReference; lastKnownFileType = image.png; path = 04.png; sourceTree = "<group>"; };
		62937C091EF7E1F400F75980 /* 05.png */ = {isa = PBXFileReference; lastKnownFileType = image.png; path = 05.png; sourceTree = "<group>"; };
		62937C0A1EF7E1F400F75980 /* 06.png */ = {isa = PBXFileReference; lastKnownFileType = image.png; path = 06.png; sourceTree = "<group>"; };
/* End PBXFileReference section */

/* Begin PBXFrameworksBuildPhase section */
		62937BED1EF7E19100F75980 /* Frameworks */ = {
			isa = PBXFrameworksBuildPhase;
			buildActionMask = 2147483647;
			files = (
			);
			runOnlyForDeploymentPostprocessing = 0;
		};
/* End PBXFrameworksBuildPhase section */

/* Begin PBXGroup section */
		62937BE71EF7E19100F75980 = {
			isa = PBXGroup;
			children = (
				62937BF21EF7E19100F75980 /* ImageViewMission */,
				62937BF11EF7E19100F75980 /* Products */,
			);
			sourceTree = "<group>";
		};
		62937BF11EF7E19100F75980 /* Products */ = {
			isa = PBXGroup;
			children = (
				62937BF01EF7E19100F75980 /* ImageViewMission.app */,
			);
			name = Products;
			sourceTree = "<group>";
		};
		62937BF21EF7E19100F75980 /* ImageViewMission */ = {
			isa = PBXGroup;
			children = (
				62937BF31EF7E19100F75980 /* AppDelegate.swift */,
				62937BF51EF7E19100F75980 /* ViewController.swift */,
				62937C051EF7E1F400F75980 /* 01.png */,
				62937C061EF7E1F400F75980 /* 02.png */,
				62937C071EF7E1F400F75980 /* 03.png */,
				62937C081EF7E1F400F75980 /* 04.png */,
				62937C091EF7E1F400F75980 /* 05.png */,
				62937C0A1EF7E1F400F75980 /* 06.png */,
				62937BF71EF7E19100F75980 /* Main.storyboard */,
				62937BFA1EF7E19100F75980 /* Assets.xcassets */,
				62937BFC1EF7E19100F75980 /* LaunchScreen.storyboard */,
				62937BFF1EF7E19100F75980 /* Info.plist */,
			);
			path = ImageViewMission;
			sourceTree = "<group>";
		};
/* End PBXGroup section */

/* Begin PBXNativeTarget section */
		62937BEF1EF7E19100F75980 /* ImageViewMission */ = {
			isa = PBXNativeTarget;
			buildConfigurationList = 62937C021EF7E19100F75980 /* Build configuration list for PBXNativeTarget "ImageViewMission" */;
			buildPhases = (
				62937BEC1EF7E19100F75980 /* Sources */,
				62937BED1EF7E19100F75980 /* Frameworks */,
				62937BEE1EF7E19100F75980 /* Resources */,
			);
			buildRules = (
			);
			dependencies = (
			);
			name = ImageViewMission;
			productName = ImageViewMission;
			productReference = 62937BF01EF7E19100F75980 /* ImageViewMission.app */;
			productType = "com.apple.product-type.application";
		};
/* End PBXNativeTarget section */

/* Begin PBXProject section */
		62937BE81EF7E19100F75980 /* Project object */ = {
			isa = PBXProject;
			attributes = {
				LastSwiftUpdateCheck = 0830;
				LastUpgradeCheck = 0830;
				ORGANIZATIONNAME = yanyangTest;
				TargetAttributes = {
					62937BEF1EF7E19100F75980 = {
						CreatedOnToolsVersion = 8.3.3;
						DevelopmentTeam = ZSRT6TBHV7;
						ProvisioningStyle = Automatic;
					};
				};
			};
			buildConfigurationList = 62937BEB1EF7E19100F75980 /* Build configuration list for PBXProject "ImageViewMission" */;
			compatibilityVersion = "Xcode 3.2";
			developmentRegion = English;
			hasScannedForEncodings = 0;
			knownRegions = (
				en,
				Base,
			);
			mainGroup = 62937BE71EF7E19100F75980;
			productRefGroup = 62937BF11EF7E19100F75980 /* Products */;
			projectDirPath = "";
			projectRoot = "";
			targets = (
				62937BEF1EF7E19100F75980 /* ImageViewMission */,
			);
		};
/* End PBXProject section */

/* Begin PBXResourcesBuildPhase section */
		62937BEE1EF7E19100F75980 /* Resources */ = {
			isa = PBXResourcesBuildPhase;
			buildActionMask = 2147483647;
			files = (
				62937C0C1EF7E1F400F75980 /* 02.png in Resources */,
				62937BFE1EF7E19100F75980 /* LaunchScreen.storyboard in Resources */,
				62937BFB1EF7E19100F75980 /* Assets.xcassets in Resources */,
				62937C0B1EF7E1F400F75980 /* 01.png in Resources */,
				62937C101EF7E1F400F75980 /* 06.png in Resources */,
				62937C0E1EF7E1F400F75980 /* 04.png in Resources */,
				62937C0D1EF7E1F400F75980 /* 03.png in Resources */,
				62937C0F1EF7E1F400F75980 /* 05.png in Resources */,
				62937BF91EF7E19100F75980 /* Main.storyboard in Resources */,
			);
			runOnlyForDeploymentPostprocessing = 0;
		};
/* End PBXResourcesBuildPhase section */

/* Begin PBXSourcesBuildPhase section */
		62937BEC1EF7E19100F75980 /* Sources */ = {
			isa = PBXSourcesBuildPhase;
			buildActionMask = 2147483647;
			files = (
				62937BF61EF7E19100F75980 /* ViewController.swift in Sources */,
				62937BF41EF7E19100F75980 /* AppDelegate.swift in Sources */,
			);
			runOnlyForDeploymentPostprocessing = 0;
		};
/* End PBXSourcesBuildPhase section */

/* Begin PBXVariantGroup section */
		62937BF71EF7E19100F75980 /* Main.storyboard */ = {
			isa = PBXVariantGroup;
			children = (
				62937BF81EF7E19100F75980 /* Base */,
			);
			name = Main.storyboard;
			sourceTree = "<group>";
		};
		62937BFC1EF7E19100F75980 /* LaunchScreen.storyboard */ = {
			isa = PBXVariantGroup;
			children = (
				62937BFD1EF7E19100F75980 /* Base */,
			);
			name = LaunchScreen.storyboard;
			sourceTree = "<group>";
		};
/* End PBXVariantGroup section */

/* Begin XCBuildConfiguration section */
		62937C001EF7E19100F75980 /* Debug */ = {
			isa = XCBuildConfiguration;
			buildSettings = {
				ALWAYS_SEARCH_USER_PATHS = NO;
				CLANG_ANALYZER_NONNULL = YES;
				CLANG_ANALYZER_NUMBER_OBJECT_CONVERSION = YES_AGGRESSIVE;
				CLANG_CXX_LANGUAGE_STANDARD = "gnu++0x";
				CLANG_CXX_LIBRARY = "libc++";
				CLANG_ENABLE_MODULES = YES;
				CLANG_ENABLE_OBJC_ARC = YES;
				CLANG_WARN_BOOL_CONVERSION = YES;
				CLANG_WARN_CONSTANT_CONVERSION = YES;
				CLANG_WARN_DIRECT_OBJC_ISA_USAGE = YES_ERROR;
				CLANG_WARN_DOCUMENTATION_COMMENTS = YES;
				CLANG_WARN_EMPTY_BODY = YES;
				CLANG_WARN_ENUM_CONVERSION = YES;
				CLANG_WARN_INFINITE_RECURSION = YES;
				CLANG_WARN_INT_CONVERSION = YES;
				CLANG_WARN_OBJC_ROOT_CLASS = YES_ERROR;
				CLANG_WARN_SUSPICIOUS_MOVE = YES;
				CLANG_WARN_UNREACHABLE_CODE = YES;
				CLANG_WARN__DUPLICATE_METHOD_MATCH = YES;
				"CODE_SIGN_IDENTITY[sdk=iphoneos*]" = "iPhone Developer";
				COPY_PHASE_STRIP = NO;
				DEBUG_INFORMATION_FORMAT = dwarf;
				ENABLE_STRICT_OBJC_MSGSEND = YES;
				ENABLE_TESTABILITY = YES;
				GCC_C_LANGUAGE_STANDARD = gnu99;
				GCC_DYNAMIC_NO_PIC = NO;
				GCC_NO_COMMON_BLOCKS = YES;
				GCC_OPTIMIZATION_LEVEL = 0;
				GCC_PREPROCESSOR_DEFINITIONS = (
					"DEBUG=1",
					"$(inherited)",
				);
				GCC_WARN_64_TO_32_BIT_CONVERSION = YES;
				GCC_WARN_ABOUT_RETURN_TYPE = YES_ERROR;
				GCC_WARN_UNDECLARED_SELECTOR = YES;
				GCC_WARN_UNINITIALIZED_AUTOS = YES_AGGRESSIVE;
				GCC_WARN_UNUSED_FUNCTION = YES;
				GCC_WARN_UNUSED_VARIABLE = YES;
				IPHONEOS_DEPLOYMENT_TARGET = 10.3;
				MTL_ENABLE_DEBUG_INFO = YES;
				ONLY_ACTIVE_ARCH = YES;
				SDKROOT = iphoneos;
				SWIFT_ACTIVE_COMPILATION_CONDITIONS = DEBUG;
				SWIFT_OPTIMIZATION_LEVEL = "-Onone";
			};
			name = Debug;
		};
		62937C011EF7E19100F75980 /* Release */ = {
			isa = XCBuildConfiguration;
			buildSettings = {
				ALWAYS_SEARCH_USER_PATHS = NO;
				CLANG_ANALYZER_NONNULL = YES;
				CLANG_ANALYZER_NUMBER_OBJECT_CONVERSION = YES_AGGRESSIVE;
				CLANG_CXX_LANGUAGE_STANDARD = "gnu++0x";
				CLANG_CXX_LIBRARY = "libc++";
				CLANG_ENABLE_MODULES = YES;
				CLANG_ENABLE_OBJC_ARC = YES;
				CLANG_WARN_BOOL_CONVERSION = YES;
				CLANG_WARN_CONSTANT_CONVERSION = YES;
				CLANG_WARN_DIRECT_OBJC_ISA_USAGE = YES_ERROR;
				CLANG_WARN_DOCUMENTATION_COMMENTS = YES;
				CLANG_WARN_EMPTY_BODY = YES;
				CLANG_WARN_ENUM_CONVERSION = YES;
				CLANG_WARN_INFINITE_RECURSION = YES;
				CLANG_WARN_INT_CONVERSION = YES;
				CLANG_WARN_OBJC_ROOT_CLASS = YES_ERROR;
				CLANG_WARN_SUSPICIOUS_MOVE = YES;
				CLANG_WARN_UNREACHABLE_CODE = YES;
				CLANG_WARN__DUPLICATE_METHOD_MATCH = YES;
				"CODE_SIGN_IDENTITY[sdk=iphoneos*]" = "iPhone Developer";
				COPY_PHASE_STRIP = NO;
				DEBUG_INFORMATION_FORMAT = "dwarf-with-dsym";
				ENABLE_NS_ASSERTIONS = NO;
				ENABLE_STRICT_OBJC_MSGSEND = YES;
				GCC_C_LANGUAGE_STANDARD = gnu99;
				GCC_NO_COMMON_BLOCKS = YES;
				GCC_WARN_64_TO_32_BIT_CONVERSION = YES;
				GCC_WARN_ABOUT_RETURN_TYPE = YES_ERROR;
				GCC_WARN_UNDECLARED_SELECTOR = YES;
				GCC_WARN_UNINITIALIZED_AUTOS = YES_AGGRESSIVE;
				GCC_WARN_UNUSED_FUNCTION = YES;
				GCC_WARN_UNUSED_VARIABLE = YES;
				IPHONEOS_DEPLOYMENT_TARGET = 10.3;
				MTL_ENABLE_DEBUG_INFO = NO;
				SDKROOT = iphoneos;
				SWIFT_OPTIMIZATION_LEVEL = "-Owholemodule";
				VALIDATE_PRODUCT = YES;
			};
			name = Release;
		};
		62937C031EF7E19100F75980 /* Debug */ = {
			isa = XCBuildConfiguration;
			buildSettings = {
				ASSETCATALOG_COMPILER_APPICON_NAME = AppIcon;
				DEVELOPMENT_TEAM = ZSRT6TBHV7;
				INFOPLIST_FILE = ImageViewMission/Info.plist;
				LD_RUNPATH_SEARCH_PATHS = "$(inherited) @executable_path/Frameworks";
				PRODUCT_BUNDLE_IDENTIFIER = com.yanyang.ImageViewMission;
				PRODUCT_NAME = "$(TARGET_NAME)";
				SWIFT_VERSION = 3.0;
			};
			name = Debug;
		};
		62937C041EF7E19100F75980 /* Release */ = {
			isa = XCBuildConfiguration;
			buildSettings = {
				ASSETCATALOG_COMPILER_APPICON_NAME = AppIcon;
				DEVELOPMENT_TEAM = ZSRT6TBHV7;
				INFOPLIST_FILE = ImageViewMission/Info.plist;
				LD_RUNPATH_SEARCH_PATHS = "$(inherited) @executable_path/Frameworks";
				PRODUCT_BUNDLE_IDENTIFIER = com.yanyang.ImageViewMission;
				PRODUCT_NAME = "$(TARGET_NAME)";
				SWIFT_VERSION = 3.0;
			};
			name = Release;
		};
/* End XCBuildConfiguration section */

/* Begin XCConfigurationList section */
		62937BEB1EF7E19100F75980 /* Build configuration list for PBXProject "ImageViewMission" */ = {
			isa = XCConfigurationList;
			buildConfigurations = (
				62937C001EF7E19100F75980 /* Debug */,
				62937C011EF7E19100F75980 /* Release */,
			);
			defaultConfigurationIsVisible = 0;
			defaultConfigurationName = Release;
		};
		62937C021EF7E19100F75980 /* Build configuration list for PBXNativeTarget "ImageViewMission" */ = {
			isa = XCConfigurationList;
			buildConfigurations = (
				62937C031EF7E19100F75980 /* Debug */,
				62937C041EF7E19100F75980 /* Release */,
			);
			defaultConfigurationIsVisible = 0;
		};
/* End XCConfigurationList section */
	};
	rootObject = 62937BE81EF7E19100F75980 /* Project object */;
}
