// !$*UTF8*$!
{
	archiveVersion = 1;
	classes = {
	};
	objectVersion = 46;
	objects = {

/* Begin PBXBuildFile section */
		62674B2C1F4AD30800F3A7FC /* AppDelegate.swift in Sources */ = {isa = PBXBuildFile; fileRef = 62674B2B1F4AD30800F3A7FC /* AppDelegate.swift */; };
		62674B311F4AD30800F3A7FC /* Main.storyboard in Resources */ = {isa = PBXBuildFile; fileRef = 62674B2F1F4AD30800F3A7FC /* Main.storyboard */; };
		62674B331F4AD30800F3A7FC /* Assets.xcassets in Resources */ = {isa = PBXBuildFile; fileRef = 62674B321F4AD30800F3A7FC /* Assets.xcassets */; };
		62674B361F4AD30800F3A7FC /* LaunchScreen.storyboard in Resources */ = {isa = PBXBuildFile; fileRef = 62674B341F4AD30800F3A7FC /* LaunchScreen.storyboard */; };
		62674B401F4AD83F00F3A7FC /* TableViewController.swift in Sources */ = {isa = PBXBuildFile; fileRef = 62674B3F1F4AD83F00F3A7FC /* TableViewController.swift */; };
		62674B421F4AD87000F3A7FC /* AddViewController.swift in Sources */ = {isa = PBXBuildFile; fileRef = 62674B411F4AD87000F3A7FC /* AddViewController.swift */; };
		62674B441F4AD88600F3A7FC /* DetailViewController.swift in Sources */ = {isa = PBXBuildFile; fileRef = 62674B431F4AD88600F3A7FC /* DetailViewController.swift */; };
		62674B481F4ADB1500F3A7FC /* cart.png in Resources */ = {isa = PBXBuildFile; fileRef = 62674B451F4ADB1500F3A7FC /* cart.png */; };
		62674B491F4ADB1500F3A7FC /* clock.png in Resources */ = {isa = PBXBuildFile; fileRef = 62674B461F4ADB1500F3A7FC /* clock.png */; };
		62674B4A1F4ADB1500F3A7FC /* pencil.png in Resources */ = {isa = PBXBuildFile; fileRef = 62674B471F4ADB1500F3A7FC /* pencil.png */; };
/* End PBXBuildFile section */

/* Begin PBXFileReference section */
		62674B281F4AD30800F3A7FC /* Table.app */ = {isa = PBXFileReference; explicitFileType = wrapper.application; includeInIndex = 0; path = Table.app; sourceTree = BUILT_PRODUCTS_DIR; };
		62674B2B1F4AD30800F3A7FC /* AppDelegate.swift */ = {isa = PBXFileReference; lastKnownFileType = sourcecode.swift; path = AppDelegate.swift; sourceTree = "<group>"; };
		62674B301F4AD30800F3A7FC /* Base */ = {isa = PBXFileReference; lastKnownFileType = file.storyboard; name = Base; path = Base.lproj/Main.storyboard; sourceTree = "<group>"; };
		62674B321F4AD30800F3A7FC /* Assets.xcassets */ = {isa = PBXFileReference; lastKnownFileType = folder.assetcatalog; path = Assets.xcassets; sourceTree = "<group>"; };
		62674B351F4AD30800F3A7FC /* Base */ = {isa = PBXFileReference; lastKnownFileType = file.storyboard; name = Base; path = Base.lproj/LaunchScreen.storyboard; sourceTree = "<group>"; };
		62674B371F4AD30800F3A7FC /* Info.plist */ = {isa = PBXFileReference; lastKnownFileType = text.plist.xml; path = Info.plist; sourceTree = "<group>"; };
		62674B3F1F4AD83F00F3A7FC /* TableViewController.swift */ = {isa = PBXFileReference; fileEncoding = 4; lastKnownFileType = sourcecode.swift; path = TableViewController.swift; sourceTree = "<group>"; };
		62674B411F4AD87000F3A7FC /* AddViewController.swift */ = {isa = PBXFileReference; fileEncoding = 4; lastKnownFileType = sourcecode.swift; path = AddViewController.swift; sourceTree = "<group>"; };
		62674B431F4AD88600F3A7FC /* DetailViewController.swift */ = {isa = PBXFileReference; fileEncoding = 4; lastKnownFileType = sourcecode.swift; path = DetailViewController.swift; sourceTree = "<group>"; };
		62674B451F4ADB1500F3A7FC /* cart.png */ = {isa = PBXFileReference; lastKnownFileType = image.png; path = cart.png; sourceTree = "<group>"; };
		62674B461F4ADB1500F3A7FC /* clock.png */ = {isa = PBXFileReference; lastKnownFileType = image.png; path = clock.png; sourceTree = "<group>"; };
		62674B471F4ADB1500F3A7FC /* pencil.png */ = {isa = PBXFileReference; lastKnownFileType = image.png; path = pencil.png; sourceTree = "<group>"; };
/* End PBXFileReference section */

/* Begin PBXFrameworksBuildPhase section */
		62674B251F4AD30800F3A7FC /* Frameworks */ = {
			isa = PBXFrameworksBuildPhase;
			buildActionMask = 2147483647;
			files = (
			);
			runOnlyForDeploymentPostprocessing = 0;
		};
/* End PBXFrameworksBuildPhase section */

/* Begin PBXGroup section */
		62674B1F1F4AD30800F3A7FC = {
			isa = PBXGroup;
			children = (
				62674B2A1F4AD30800F3A7FC /* Table */,
				62674B291F4AD30800F3A7FC /* Products */,
			);
			sourceTree = "<group>";
		};
		62674B291F4AD30800F3A7FC /* Products */ = {
			isa = PBXGroup;
			children = (
				62674B281F4AD30800F3A7FC /* Table.app */,
			);
			name = Products;
			sourceTree = "<group>";
		};
		62674B2A1F4AD30800F3A7FC /* Table */ = {
			isa = PBXGroup;
			children = (
				62674B451F4ADB1500F3A7FC /* cart.png */,
				62674B461F4ADB1500F3A7FC /* clock.png */,
				62674B471F4ADB1500F3A7FC /* pencil.png */,
				62674B2B1F4AD30800F3A7FC /* AppDelegate.swift */,
				62674B2F1F4AD30800F3A7FC /* Main.storyboard */,
				62674B321F4AD30800F3A7FC /* Assets.xcassets */,
				62674B341F4AD30800F3A7FC /* LaunchScreen.storyboard */,
				62674B371F4AD30800F3A7FC /* Info.plist */,
				62674B3F1F4AD83F00F3A7FC /* TableViewController.swift */,
				62674B411F4AD87000F3A7FC /* AddViewController.swift */,
				62674B431F4AD88600F3A7FC /* DetailViewController.swift */,
			);
			path = Table;
			sourceTree = "<group>";
		};
/* End PBXGroup section */

/* Begin PBXNativeTarget section */
		62674B271F4AD30800F3A7FC /* Table */ = {
			isa = PBXNativeTarget;
			buildConfigurationList = 62674B3A1F4AD30800F3A7FC /* Build configuration list for PBXNativeTarget "Table" */;
			buildPhases = (
				62674B241F4AD30800F3A7FC /* Sources */,
				62674B251F4AD30800F3A7FC /* Frameworks */,
				62674B261F4AD30800F3A7FC /* Resources */,
			);
			buildRules = (
			);
			dependencies = (
			);
			name = Table;
			productName = Table;
			productReference = 62674B281F4AD30800F3A7FC /* Table.app */;
			productType = "com.apple.product-type.application";
		};
/* End PBXNativeTarget section */

/* Begin PBXProject section */
		62674B201F4AD30800F3A7FC /* Project object */ = {
			isa = PBXProject;
			attributes = {
				LastSwiftUpdateCheck = 0830;
				LastUpgradeCheck = 0830;
				ORGANIZATIONNAME = yanyangTest;
				TargetAttributes = {
					62674B271F4AD30800F3A7FC = {
						CreatedOnToolsVersion = 8.3.3;
						DevelopmentTeam = ZSRT6TBHV7;
						ProvisioningStyle = Automatic;
					};
				};
			};
			buildConfigurationList = 62674B231F4AD30800F3A7FC /* Build configuration list for PBXProject "Table" */;
			compatibilityVersion = "Xcode 3.2";
			developmentRegion = English;
			hasScannedForEncodings = 0;
			knownRegions = (
				en,
				Base,
			);
			mainGroup = 62674B1F1F4AD30800F3A7FC;
			productRefGroup = 62674B291F4AD30800F3A7FC /* Products */;
			projectDirPath = "";
			projectRoot = "";
			targets = (
				62674B271F4AD30800F3A7FC /* Table */,
			);
		};
/* End PBXProject section */

/* Begin PBXResourcesBuildPhase section */
		62674B261F4AD30800F3A7FC /* Resources */ = {
			isa = PBXResourcesBuildPhase;
			buildActionMask = 2147483647;
			files = (
				62674B4A1F4ADB1500F3A7FC /* pencil.png in Resources */,
				62674B361F4AD30800F3A7FC /* LaunchScreen.storyboard in Resources */,
				62674B491F4ADB1500F3A7FC /* clock.png in Resources */,
				62674B481F4ADB1500F3A7FC /* cart.png in Resources */,
				62674B331F4AD30800F3A7FC /* Assets.xcassets in Resources */,
				62674B311F4AD30800F3A7FC /* Main.storyboard in Resources */,
			);
			runOnlyForDeploymentPostprocessing = 0;
		};
/* End PBXResourcesBuildPhase section */

/* Begin PBXSourcesBuildPhase section */
		62674B241F4AD30800F3A7FC /* Sources */ = {
			isa = PBXSourcesBuildPhase;
			buildActionMask = 2147483647;
			files = (
				62674B2C1F4AD30800F3A7FC /* AppDelegate.swift in Sources */,
				62674B401F4AD83F00F3A7FC /* TableViewController.swift in Sources */,
				62674B421F4AD87000F3A7FC /* AddViewController.swift in Sources */,
				62674B441F4AD88600F3A7FC /* DetailViewController.swift in Sources */,
			);
			runOnlyForDeploymentPostprocessing = 0;
		};
/* End PBXSourcesBuildPhase section */

/* Begin PBXVariantGroup section */
		62674B2F1F4AD30800F3A7FC /* Main.storyboard */ = {
			isa = PBXVariantGroup;
			children = (
				62674B301F4AD30800F3A7FC /* Base */,
			);
			name = Main.storyboard;
			sourceTree = "<group>";
		};
		62674B341F4AD30800F3A7FC /* LaunchScreen.storyboard */ = {
			isa = PBXVariantGroup;
			children = (
				62674B351F4AD30800F3A7FC /* Base */,
			);
			name = LaunchScreen.storyboard;
			sourceTree = "<group>";
		};
/* End PBXVariantGroup section */

/* Begin XCBuildConfiguration section */
		62674B381F4AD30800F3A7FC /* Debug */ = {
			isa = XCBuildConfiguration;
			buildSettings = {
				ALWAYS_SEARCH_USER_PATHS = NO;
				CLANG_ANALYZER_NONNULL = YES;
				CLANG_ANALYZER_NUMBER_OBJECT_CONVERSION = YES_AGGRESSIVE;
				CLANG_CXX_LANGUAGE_STANDARD = "gnu++0x";
				CLANG_CXX_LIBRARY = "libc++";
				CLANG_ENABLE_MODULES = YES;
				CLANG_ENABLE_OBJC_ARC = YES;
				CLANG_WARN_BOOL_CONVERSION = YES;
				CLANG_WARN_CONSTANT_CONVERSION = YES;
				CLANG_WARN_DIRECT_OBJC_ISA_USAGE = YES_ERROR;
				CLANG_WARN_DOCUMENTATION_COMMENTS = YES;
				CLANG_WARN_EMPTY_BODY = YES;
				CLANG_WARN_ENUM_CONVERSION = YES;
				CLANG_WARN_INFINITE_RECURSION = YES;
				CLANG_WARN_INT_CONVERSION = YES;
				CLANG_WARN_OBJC_ROOT_CLASS = YES_ERROR;
				CLANG_WARN_SUSPICIOUS_MOVE = YES;
				CLANG_WARN_UNREACHABLE_CODE = YES;
				CLANG_WARN__DUPLICATE_METHOD_MATCH = YES;
				"CODE_SIGN_IDENTITY[sdk=iphoneos*]" = "iPhone Developer";
				COPY_PHASE_STRIP = NO;
				DEBUG_INFORMATION_FORMAT = dwarf;
				ENABLE_STRICT_OBJC_MSGSEND = YES;
				ENABLE_TESTABILITY = YES;
				GCC_C_LANGUAGE_STANDARD = gnu99;
				GCC_DYNAMIC_NO_PIC = NO;
				GCC_NO_COMMON_BLOCKS = YES;
				GCC_OPTIMIZATION_LEVEL = 0;
				GCC_PREPROCESSOR_DEFINITIONS = (
					"DEBUG=1",
					"$(inherited)",
				);
				GCC_WARN_64_TO_32_BIT_CONVERSION = YES;
				GCC_WARN_ABOUT_RETURN_TYPE = YES_ERROR;
				GCC_WARN_UNDECLARED_SELECTOR = YES;
				GCC_WARN_UNINITIALIZED_AUTOS = YES_AGGRESSIVE;
				GCC_WARN_UNUSED_FUNCTION = YES;
				GCC_WARN_UNUSED_VARIABLE = YES;
				IPHONEOS_DEPLOYMENT_TARGET = 10.3;
				MTL_ENABLE_DEBUG_INFO = YES;
				ONLY_ACTIVE_ARCH = YES;
				SDKROOT = iphoneos;
				SWIFT_ACTIVE_COMPILATION_CONDITIONS = DEBUG;
				SWIFT_OPTIMIZATION_LEVEL = "-Onone";
			};
			name = Debug;
		};
		62674B391F4AD30800F3A7FC /* Release */ = {
			isa = XCBuildConfiguration;
			buildSettings = {
				ALWAYS_SEARCH_USER_PATHS = NO;
				CLANG_ANALYZER_NONNULL = YES;
				CLANG_ANALYZER_NUMBER_OBJECT_CONVERSION = YES_AGGRESSIVE;
				CLANG_CXX_LANGUAGE_STANDARD = "gnu++0x";
				CLANG_CXX_LIBRARY = "libc++";
				CLANG_ENABLE_MODULES = YES;
				CLANG_ENABLE_OBJC_ARC = YES;
				CLANG_WARN_BOOL_CONVERSION = YES;
				CLANG_WARN_CONSTANT_CONVERSION = YES;
				CLANG_WARN_DIRECT_OBJC_ISA_USAGE = YES_ERROR;
				CLANG_WARN_DOCUMENTATION_COMMENTS = YES;
				CLANG_WARN_EMPTY_BODY = YES;
				CLANG_WARN_ENUM_CONVERSION = YES;
				CLANG_WARN_INFINITE_RECURSION = YES;
				CLANG_WARN_INT_CONVERSION = YES;
				CLANG_WARN_OBJC_ROOT_CLASS = YES_ERROR;
				CLANG_WARN_SUSPICIOUS_MOVE = YES;
				CLANG_WARN_UNREACHABLE_CODE = YES;
				CLANG_WARN__DUPLICATE_METHOD_MATCH = YES;
				"CODE_SIGN_IDENTITY[sdk=iphoneos*]" = "iPhone Developer";
				COPY_PHASE_STRIP = NO;
				DEBUG_INFORMATION_FORMAT = "dwarf-with-dsym";
				ENABLE_NS_ASSERTIONS = NO;
				ENABLE_STRICT_OBJC_MSGSEND = YES;
				GCC_C_LANGUAGE_STANDARD = gnu99;
				GCC_NO_COMMON_BLOCKS = YES;
				GCC_WARN_64_TO_32_BIT_CONVERSION = YES;
				GCC_WARN_ABOUT_RETURN_TYPE = YES_ERROR;
				GCC_WARN_UNDECLARED_SELECTOR = YES;
				GCC_WARN_UNINITIALIZED_AUTOS = YES_AGGRESSIVE;
				GCC_WARN_UNUSED_FUNCTION = YES;
				GCC_WARN_UNUSED_VARIABLE = YES;
				IPHONEOS_DEPLOYMENT_TARGET = 10.3;
				MTL_ENABLE_DEBUG_INFO = NO;
				SDKROOT = iphoneos;
				SWIFT_OPTIMIZATION_LEVEL = "-Owholemodule";
				VALIDATE_PRODUCT = YES;
			};
			name = Release;
		};
		62674B3B1F4AD30800F3A7FC /* Debug */ = {
			isa = XCBuildConfiguration;
			buildSettings = {
				ASSETCATALOG_COMPILER_APPICON_NAME = AppIcon;
				DEVELOPMENT_TEAM = ZSRT6TBHV7;
				INFOPLIST_FILE = Table/Info.plist;
				LD_RUNPATH_SEARCH_PATHS = "$(inherited) @executable_path/Frameworks";
				PRODUCT_BUNDLE_IDENTIFIER = com.yanyang.Table;
				PRODUCT_NAME = "$(TARGET_NAME)";
				SWIFT_VERSION = 3.0;
			};
			name = Debug;
		};
		62674B3C1F4AD30800F3A7FC /* Release */ = {
			isa = XCBuildConfiguration;
			buildSettings = {
				ASSETCATALOG_COMPILER_APPICON_NAME = AppIcon;
				DEVELOPMENT_TEAM = ZSRT6TBHV7;
				INFOPLIST_FILE = Table/Info.plist;
				LD_RUNPATH_SEARCH_PATHS = "$(inherited) @executable_path/Frameworks";
				PRODUCT_BUNDLE_IDENTIFIER = com.yanyang.Table;
				PRODUCT_NAME = "$(TARGET_NAME)";
				SWIFT_VERSION = 3.0;
			};
			name = Release;
		};
/* End XCBuildConfiguration section */

/* Begin XCConfigurationList section */
		62674B231F4AD30800F3A7FC /* Build configuration list for PBXProject "Table" */ = {
			isa = XCConfigurationList;
			buildConfigurations = (
				62674B381F4AD30800F3A7FC /* Debug */,
				62674B391F4AD30800F3A7FC /* Release */,
			);
			defaultConfigurationIsVisible = 0;
			defaultConfigurationName = Release;
		};
		62674B3A1F4AD30800F3A7FC /* Build configuration list for PBXNativeTarget "Table" */ = {
			isa = XCConfigurationList;
			buildConfigurations = (
				62674B3B1F4AD30800F3A7FC /* Debug */,
				62674B3C1F4AD30800F3A7FC /* Release */,
			);
			defaultConfigurationIsVisible = 0;
		};
/* End XCConfigurationList section */
	};
	rootObject = 62674B201F4AD30800F3A7FC /* Project object */;
}
