// !$*UTF8*$!
{
	archiveVersion = 1;
	classes = {
	};
	objectVersion = 46;
	objects = {

/* Begin PBXBuildFile section */
		4A9059091F1DDC6D00A02645 /* AppDelegate.swift in Sources */ = {isa = PBXBuildFile; fileRef = 4A9059081F1DDC6D00A02645 /* AppDelegate.swift */; };
		4A90590B1F1DDC6D00A02645 /* ViewController.swift in Sources */ = {isa = PBXBuildFile; fileRef = 4A90590A1F1DDC6D00A02645 /* ViewController.swift */; };
		4A90590E1F1DDC6D00A02645 /* Main.storyboard in Resources */ = {isa = PBXBuildFile; fileRef = 4A90590C1F1DDC6D00A02645 /* Main.storyboard */; };
		4A9059101F1DDC6D00A02645 /* Assets.xcassets in Resources */ = {isa = PBXBuildFile; fileRef = 4A90590F1F1DDC6D00A02645 /* Assets.xcassets */; };
		4A9059131F1DDC6D00A02645 /* LaunchScreen.storyboard in Resources */ = {isa = PBXBuildFile; fileRef = 4A9059111F1DDC6D00A02645 /* LaunchScreen.storyboard */; };
		4A90591B1F1DE5BB00A02645 /* HtmlView.html in Resources */ = {isa = PBXBuildFile; fileRef = 4A90591A1F1DE5BB00A02645 /* HtmlView.html */; };
/* End PBXBuildFile section */

/* Begin PBXFileReference section */
		4A9059051F1DDC6D00A02645 /* WebView.app */ = {isa = PBXFileReference; explicitFileType = wrapper.application; includeInIndex = 0; path = WebView.app; sourceTree = BUILT_PRODUCTS_DIR; };
		4A9059081F1DDC6D00A02645 /* AppDelegate.swift */ = {isa = PBXFileReference; lastKnownFileType = sourcecode.swift; path = AppDelegate.swift; sourceTree = "<group>"; };
		4A90590A1F1DDC6D00A02645 /* ViewController.swift */ = {isa = PBXFileReference; lastKnownFileType = sourcecode.swift; path = ViewController.swift; sourceTree = "<group>"; };
		4A90590D1F1DDC6D00A02645 /* Base */ = {isa = PBXFileReference; lastKnownFileType = file.storyboard; name = Base; path = Base.lproj/Main.storyboard; sourceTree = "<group>"; };
		4A90590F1F1DDC6D00A02645 /* Assets.xcassets */ = {isa = PBXFileReference; lastKnownFileType = folder.assetcatalog; path = Assets.xcassets; sourceTree = "<group>"; };
		4A9059121F1DDC6D00A02645 /* Base */ = {isa = PBXFileReference; lastKnownFileType = file.storyboard; name = Base; path = Base.lproj/LaunchScreen.storyboard; sourceTree = "<group>"; };
		4A9059141F1DDC6D00A02645 /* Info.plist */ = {isa = PBXFileReference; lastKnownFileType = text.plist.xml; path = Info.plist; sourceTree = "<group>"; };
		4A90591A1F1DE5BB00A02645 /* HtmlView.html */ = {isa = PBXFileReference; fileEncoding = 4; lastKnownFileType = text.html; path = HtmlView.html; sourceTree = "<group>"; };
/* End PBXFileReference section */

/* Begin PBXFrameworksBuildPhase section */
		4A9059021F1DDC6D00A02645 /* Frameworks */ = {
			isa = PBXFrameworksBuildPhase;
			buildActionMask = 2147483647;
			files = (
			);
			runOnlyForDeploymentPostprocessing = 0;
		};
/* End PBXFrameworksBuildPhase section */

/* Begin PBXGroup section */
		4A9058FC1F1DDC6C00A02645 = {
			isa = PBXGroup;
			children = (
				4A9059071F1DDC6D00A02645 /* WebView */,
				4A9059061F1DDC6D00A02645 /* Products */,
			);
			sourceTree = "<group>";
		};
		4A9059061F1DDC6D00A02645 /* Products */ = {
			isa = PBXGroup;
			children = (
				4A9059051F1DDC6D00A02645 /* WebView.app */,
			);
			name = Products;
			sourceTree = "<group>";
		};
		4A9059071F1DDC6D00A02645 /* WebView */ = {
			isa = PBXGroup;
			children = (
				4A9059081F1DDC6D00A02645 /* AppDelegate.swift */,
				4A90590A1F1DDC6D00A02645 /* ViewController.swift */,
				4A90590C1F1DDC6D00A02645 /* Main.storyboard */,
				4A90590F1F1DDC6D00A02645 /* Assets.xcassets */,
				4A9059111F1DDC6D00A02645 /* LaunchScreen.storyboard */,
				4A9059141F1DDC6D00A02645 /* Info.plist */,
				4A90591A1F1DE5BB00A02645 /* HtmlView.html */,
			);
			path = WebView;
			sourceTree = "<group>";
		};
/* End PBXGroup section */

/* Begin PBXNativeTarget section */
		4A9059041F1DDC6D00A02645 /* WebView */ = {
			isa = PBXNativeTarget;
			buildConfigurationList = 4A9059171F1DDC6D00A02645 /* Build configuration list for PBXNativeTarget "WebView" */;
			buildPhases = (
				4A9059011F1DDC6D00A02645 /* Sources */,
				4A9059021F1DDC6D00A02645 /* Frameworks */,
				4A9059031F1DDC6D00A02645 /* Resources */,
			);
			buildRules = (
			);
			dependencies = (
			);
			name = WebView;
			productName = WebView;
			productReference = 4A9059051F1DDC6D00A02645 /* WebView.app */;
			productType = "com.apple.product-type.application";
		};
/* End PBXNativeTarget section */

/* Begin PBXProject section */
		4A9058FD1F1DDC6C00A02645 /* Project object */ = {
			isa = PBXProject;
			attributes = {
				LastSwiftUpdateCheck = 0800;
				LastUpgradeCheck = 0800;
				ORGANIZATIONNAME = "Jin Lee";
				TargetAttributes = {
					4A9059041F1DDC6D00A02645 = {
						CreatedOnToolsVersion = 8.0;
						ProvisioningStyle = Automatic;
					};
				};
			};
			buildConfigurationList = 4A9059001F1DDC6C00A02645 /* Build configuration list for PBXProject "WebView" */;
			compatibilityVersion = "Xcode 3.2";
			developmentRegion = English;
			hasScannedForEncodings = 0;
			knownRegions = (
				en,
				Base,
			);
			mainGroup = 4A9058FC1F1DDC6C00A02645;
			productRefGroup = 4A9059061F1DDC6D00A02645 /* Products */;
			projectDirPath = "";
			projectRoot = "";
			targets = (
				4A9059041F1DDC6D00A02645 /* WebView */,
			);
		};
/* End PBXProject section */

/* Begin PBXResourcesBuildPhase section */
		4A9059031F1DDC6D00A02645 /* Resources */ = {
			isa = PBXResourcesBuildPhase;
			buildActionMask = 2147483647;
			files = (
				4A90591B1F1DE5BB00A02645 /* HtmlView.html in Resources */,
				4A9059131F1DDC6D00A02645 /* LaunchScreen.storyboard in Resources */,
				4A9059101F1DDC6D00A02645 /* Assets.xcassets in Resources */,
				4A90590E1F1DDC6D00A02645 /* Main.storyboard in Resources */,
			);
			runOnlyForDeploymentPostprocessing = 0;
		};
/* End PBXResourcesBuildPhase section */

/* Begin PBXSourcesBuildPhase section */
		4A9059011F1DDC6D00A02645 /* Sources */ = {
			isa = PBXSourcesBuildPhase;
			buildActionMask = 2147483647;
			files = (
				4A90590B1F1DDC6D00A02645 /* ViewController.swift in Sources */,
				4A9059091F1DDC6D00A02645 /* AppDelegate.swift in Sources */,
			);
			runOnlyForDeploymentPostprocessing = 0;
		};
/* End PBXSourcesBuildPhase section */

/* Begin PBXVariantGroup section */
		4A90590C1F1DDC6D00A02645 /* Main.storyboard */ = {
			isa = PBXVariantGroup;
			children = (
				4A90590D1F1DDC6D00A02645 /* Base */,
			);
			name = Main.storyboard;
			sourceTree = "<group>";
		};
		4A9059111F1DDC6D00A02645 /* LaunchScreen.storyboard */ = {
			isa = PBXVariantGroup;
			children = (
				4A9059121F1DDC6D00A02645 /* Base */,
			);
			name = LaunchScreen.storyboard;
			sourceTree = "<group>";
		};
/* End PBXVariantGroup section */

/* Begin XCBuildConfiguration section */
		4A9059151F1DDC6D00A02645 /* Debug */ = {
			isa = XCBuildConfiguration;
			buildSettings = {
				ALWAYS_SEARCH_USER_PATHS = NO;
				CLANG_ANALYZER_NONNULL = YES;
				CLANG_CXX_LANGUAGE_STANDARD = "gnu++0x";
				CLANG_CXX_LIBRARY = "libc++";
				CLANG_ENABLE_MODULES = YES;
				CLANG_ENABLE_OBJC_ARC = YES;
				CLANG_WARN_BOOL_CONVERSION = YES;
				CLANG_WARN_CONSTANT_CONVERSION = YES;
				CLANG_WARN_DIRECT_OBJC_ISA_USAGE = YES_ERROR;
				CLANG_WARN_DOCUMENTATION_COMMENTS = YES;
				CLANG_WARN_EMPTY_BODY = YES;
				CLANG_WARN_ENUM_CONVERSION = YES;
				CLANG_WARN_INFINITE_RECURSION = YES;
				CLANG_WARN_INT_CONVERSION = YES;
				CLANG_WARN_OBJC_ROOT_CLASS = YES_ERROR;
				CLANG_WARN_SUSPICIOUS_MOVES = YES;
				CLANG_WARN_UNREACHABLE_CODE = YES;
				CLANG_WARN__DUPLICATE_METHOD_MATCH = YES;
				"CODE_SIGN_IDENTITY[sdk=iphoneos*]" = "iPhone Developer";
				COPY_PHASE_STRIP = NO;
				DEBUG_INFORMATION_FORMAT = dwarf;
				ENABLE_STRICT_OBJC_MSGSEND = YES;
				ENABLE_TESTABILITY = YES;
				GCC_C_LANGUAGE_STANDARD = gnu99;
				GCC_DYNAMIC_NO_PIC = NO;
				GCC_NO_COMMON_BLOCKS = YES;
				GCC_OPTIMIZATION_LEVEL = 0;
				GCC_PREPROCESSOR_DEFINITIONS = (
					"DEBUG=1",
					"$(inherited)",
				);
				GCC_WARN_64_TO_32_BIT_CONVERSION = YES;
				GCC_WARN_ABOUT_RETURN_TYPE = YES_ERROR;
				GCC_WARN_UNDECLARED_SELECTOR = YES;
				GCC_WARN_UNINITIALIZED_AUTOS = YES_AGGRESSIVE;
				GCC_WARN_UNUSED_FUNCTION = YES;
				GCC_WARN_UNUSED_VARIABLE = YES;
				IPHONEOS_DEPLOYMENT_TARGET = 10.0;
				MTL_ENABLE_DEBUG_INFO = YES;
				ONLY_ACTIVE_ARCH = YES;
				SDKROOT = iphoneos;
				SWIFT_ACTIVE_COMPILATION_CONDITIONS = DEBUG;
				SWIFT_OPTIMIZATION_LEVEL = "-Onone";
			};
			name = Debug;
		};
		4A9059161F1DDC6D00A02645 /* Release */ = {
			isa = XCBuildConfiguration;
			buildSettings = {
				ALWAYS_SEARCH_USER_PATHS = NO;
				CLANG_ANALYZER_NONNULL = YES;
				CLANG_CXX_LANGUAGE_STANDARD = "gnu++0x";
				CLANG_CXX_LIBRARY = "libc++";
				CLANG_ENABLE_MODULES = YES;
				CLANG_ENABLE_OBJC_ARC = YES;
				CLANG_WARN_BOOL_CONVERSION = YES;
				CLANG_WARN_CONSTANT_CONVERSION = YES;
				CLANG_WARN_DIRECT_OBJC_ISA_USAGE = YES_ERROR;
				CLANG_WARN_DOCUMENTATION_COMMENTS = YES;
				CLANG_WARN_EMPTY_BODY = YES;
				CLANG_WARN_ENUM_CONVERSION = YES;
				CLANG_WARN_INFINITE_RECURSION = YES;
				CLANG_WARN_INT_CONVERSION = YES;
				CLANG_WARN_OBJC_ROOT_CLASS = YES_ERROR;
				CLANG_WARN_SUSPICIOUS_MOVES = YES;
				CLANG_WARN_UNREACHABLE_CODE = YES;
				CLANG_WARN__DUPLICATE_METHOD_MATCH = YES;
				"CODE_SIGN_IDENTITY[sdk=iphoneos*]" = "iPhone Developer";
				COPY_PHASE_STRIP = NO;
				DEBUG_INFORMATION_FORMAT = "dwarf-with-dsym";
				ENABLE_NS_ASSERTIONS = NO;
				ENABLE_STRICT_OBJC_MSGSEND = YES;
				GCC_C_LANGUAGE_STANDARD = gnu99;
				GCC_NO_COMMON_BLOCKS = YES;
				GCC_WARN_64_TO_32_BIT_CONVERSION = YES;
				GCC_WARN_ABOUT_RETURN_TYPE = YES_ERROR;
				GCC_WARN_UNDECLARED_SELECTOR = YES;
				GCC_WARN_UNINITIALIZED_AUTOS = YES_AGGRESSIVE;
				GCC_WARN_UNUSED_FUNCTION = YES;
				GCC_WARN_UNUSED_VARIABLE = YES;
				IPHONEOS_DEPLOYMENT_TARGET = 10.0;
				MTL_ENABLE_DEBUG_INFO = NO;
				SDKROOT = iphoneos;
				SWIFT_OPTIMIZATION_LEVEL = "-Owholemodule";
				VALIDATE_PRODUCT = YES;
			};
			name = Release;
		};
		4A9059181F1DDC6D00A02645 /* Debug */ = {
			isa = XCBuildConfiguration;
			buildSettings = {
				ASSETCATALOG_COMPILER_APPICON_NAME = AppIcon;
				INFOPLIST_FILE = WebView/Info.plist;
				LD_RUNPATH_SEARCH_PATHS = "$(inherited) @executable_path/Frameworks";
				PRODUCT_BUNDLE_IDENTIFIER = net.hello.WebView;
				PRODUCT_NAME = "$(TARGET_NAME)";
				SWIFT_VERSION = 3.0;
			};
			name = Debug;
		};
		4A9059191F1DDC6D00A02645 /* Release */ = {
			isa = XCBuildConfiguration;
			buildSettings = {
				ASSETCATALOG_COMPILER_APPICON_NAME = AppIcon;
				INFOPLIST_FILE = WebView/Info.plist;
				LD_RUNPATH_SEARCH_PATHS = "$(inherited) @executable_path/Frameworks";
				PRODUCT_BUNDLE_IDENTIFIER = net.hello.WebView;
				PRODUCT_NAME = "$(TARGET_NAME)";
				SWIFT_VERSION = 3.0;
			};
			name = Release;
		};
/* End XCBuildConfiguration section */

/* Begin XCConfigurationList section */
		4A9059001F1DDC6C00A02645 /* Build configuration list for PBXProject "WebView" */ = {
			isa = XCConfigurationList;
			buildConfigurations = (
				4A9059151F1DDC6D00A02645 /* Debug */,
				4A9059161F1DDC6D00A02645 /* Release */,
			);
			defaultConfigurationIsVisible = 0;
			defaultConfigurationName = Release;
		};
		4A9059171F1DDC6D00A02645 /* Build configuration list for PBXNativeTarget "WebView" */ = {
			isa = XCConfigurationList;
			buildConfigurations = (
				4A9059181F1DDC6D00A02645 /* Debug */,
				4A9059191F1DDC6D00A02645 /* Release */,
			);
			defaultConfigurationIsVisible = 0;
		};
/* End XCConfigurationList section */
	};
	rootObject = 4A9058FD1F1DDC6C00A02645 /* Project object */;
}
