// !$*UTF8*$!
{
	archiveVersion = 1;
	classes = {
	};
	objectVersion = 46;
	objects = {

/* Begin PBXBuildFile section */
		FFACFCD51EF89A8E000499C8 /* AppDelegate.swift in Sources */ = {isa = PBXBuildFile; fileRef = FFACFCD41EF89A8E000499C8 /* AppDelegate.swift */; };
		FFACFCD71EF89A8E000499C8 /* ViewController.swift in Sources */ = {isa = PBXBuildFile; fileRef = FFACFCD61EF89A8E000499C8 /* ViewController.swift */; };
		FFACFCDA1EF89A8E000499C8 /* Main.storyboard in Resources */ = {isa = PBXBuildFile; fileRef = FFACFCD81EF89A8E000499C8 /* Main.storyboard */; };
		FFACFCDC1EF89A8E000499C8 /* Assets.xcassets in Resources */ = {isa = PBXBuildFile; fileRef = FFACFCDB1EF89A8E000499C8 /* Assets.xcassets */; };
		FFACFCDF1EF89A8E000499C8 /* LaunchScreen.storyboard in Resources */ = {isa = PBXBuildFile; fileRef = FFACFCDD1EF89A8E000499C8 /* LaunchScreen.storyboard */; };
		FFACFCE81EF89D14000499C8 /* lamp_off.png in Resources */ = {isa = PBXBuildFile; fileRef = FFACFCE61EF89D14000499C8 /* lamp_off.png */; };
		FFACFCE91EF89D14000499C8 /* lamp_on.png in Resources */ = {isa = PBXBuildFile; fileRef = FFACFCE71EF89D14000499C8 /* lamp_on.png */; };
/* End PBXBuildFile section */

/* Begin PBXFileReference section */
		FFACFCD11EF89A8E000499C8 /* ImageView.app */ = {isa = PBXFileReference; explicitFileType = wrapper.application; includeInIndex = 0; path = ImageView.app; sourceTree = BUILT_PRODUCTS_DIR; };
		FFACFCD41EF89A8E000499C8 /* AppDelegate.swift */ = {isa = PBXFileReference; lastKnownFileType = sourcecode.swift; path = AppDelegate.swift; sourceTree = "<group>"; };
		FFACFCD61EF89A8E000499C8 /* ViewController.swift */ = {isa = PBXFileReference; lastKnownFileType = sourcecode.swift; path = ViewController.swift; sourceTree = "<group>"; };
		FFACFCD91EF89A8E000499C8 /* Base */ = {isa = PBXFileReference; lastKnownFileType = file.storyboard; name = Base; path = Base.lproj/Main.storyboard; sourceTree = "<group>"; };
		FFACFCDB1EF89A8E000499C8 /* Assets.xcassets */ = {isa = PBXFileReference; lastKnownFileType = folder.assetcatalog; path = Assets.xcassets; sourceTree = "<group>"; };
		FFACFCDE1EF89A8E000499C8 /* Base */ = {isa = PBXFileReference; lastKnownFileType = file.storyboard; name = Base; path = Base.lproj/LaunchScreen.storyboard; sourceTree = "<group>"; };
		FFACFCE01EF89A8E000499C8 /* Info.plist */ = {isa = PBXFileReference; lastKnownFileType = text.plist.xml; path = Info.plist; sourceTree = "<group>"; };
		FFACFCE61EF89D14000499C8 /* lamp_off.png */ = {isa = PBXFileReference; lastKnownFileType = image.png; path = lamp_off.png; sourceTree = "<group>"; };
		FFACFCE71EF89D14000499C8 /* lamp_on.png */ = {isa = PBXFileReference; lastKnownFileType = image.png; path = lamp_on.png; sourceTree = "<group>"; };
/* End PBXFileReference section */

/* Begin PBXFrameworksBuildPhase section */
		FFACFCCE1EF89A8E000499C8 /* Frameworks */ = {
			isa = PBXFrameworksBuildPhase;
			buildActionMask = 2147483647;
			files = (
			);
			runOnlyForDeploymentPostprocessing = 0;
		};
/* End PBXFrameworksBuildPhase section */

/* Begin PBXGroup section */
		FFACFCC81EF89A8E000499C8 = {
			isa = PBXGroup;
			children = (
				FFACFCD31EF89A8E000499C8 /* ImageView */,
				FFACFCD21EF89A8E000499C8 /* Products */,
			);
			sourceTree = "<group>";
		};
		FFACFCD21EF89A8E000499C8 /* Products */ = {
			isa = PBXGroup;
			children = (
				FFACFCD11EF89A8E000499C8 /* ImageView.app */,
			);
			name = Products;
			sourceTree = "<group>";
		};
		FFACFCD31EF89A8E000499C8 /* ImageView */ = {
			isa = PBXGroup;
			children = (
				FFACFCE61EF89D14000499C8 /* lamp_off.png */,
				FFACFCE71EF89D14000499C8 /* lamp_on.png */,
				FFACFCD41EF89A8E000499C8 /* AppDelegate.swift */,
				FFACFCD61EF89A8E000499C8 /* ViewController.swift */,
				FFACFCD81EF89A8E000499C8 /* Main.storyboard */,
				FFACFCDB1EF89A8E000499C8 /* Assets.xcassets */,
				FFACFCDD1EF89A8E000499C8 /* LaunchScreen.storyboard */,
				FFACFCE01EF89A8E000499C8 /* Info.plist */,
			);
			path = ImageView;
			sourceTree = "<group>";
		};
/* End PBXGroup section */

/* Begin PBXNativeTarget section */
		FFACFCD01EF89A8E000499C8 /* ImageView */ = {
			isa = PBXNativeTarget;
			buildConfigurationList = FFACFCE31EF89A8E000499C8 /* Build configuration list for PBXNativeTarget "ImageView" */;
			buildPhases = (
				FFACFCCD1EF89A8E000499C8 /* Sources */,
				FFACFCCE1EF89A8E000499C8 /* Frameworks */,
				FFACFCCF1EF89A8E000499C8 /* Resources */,
			);
			buildRules = (
			);
			dependencies = (
			);
			name = ImageView;
			productName = ImageView;
			productReference = FFACFCD11EF89A8E000499C8 /* ImageView.app */;
			productType = "com.apple.product-type.application";
		};
/* End PBXNativeTarget section */

/* Begin PBXProject section */
		FFACFCC91EF89A8E000499C8 /* Project object */ = {
			isa = PBXProject;
			attributes = {
				LastSwiftUpdateCheck = 0830;
				LastUpgradeCheck = 0830;
				ORGANIZATIONNAME = Hongzoo;
				TargetAttributes = {
					FFACFCD01EF89A8E000499C8 = {
						CreatedOnToolsVersion = 8.3.2;
						ProvisioningStyle = Automatic;
					};
				};
			};
			buildConfigurationList = FFACFCCC1EF89A8E000499C8 /* Build configuration list for PBXProject "ImageView" */;
			compatibilityVersion = "Xcode 3.2";
			developmentRegion = English;
			hasScannedForEncodings = 0;
			knownRegions = (
				en,
				Base,
			);
			mainGroup = FFACFCC81EF89A8E000499C8;
			productRefGroup = FFACFCD21EF89A8E000499C8 /* Products */;
			projectDirPath = "";
			projectRoot = "";
			targets = (
				FFACFCD01EF89A8E000499C8 /* ImageView */,
			);
		};
/* End PBXProject section */

/* Begin PBXResourcesBuildPhase section */
		FFACFCCF1EF89A8E000499C8 /* Resources */ = {
			isa = PBXResourcesBuildPhase;
			buildActionMask = 2147483647;
			files = (
				FFACFCDF1EF89A8E000499C8 /* LaunchScreen.storyboard in Resources */,
				FFACFCDC1EF89A8E000499C8 /* Assets.xcassets in Resources */,
				FFACFCE91EF89D14000499C8 /* lamp_on.png in Resources */,
				FFACFCDA1EF89A8E000499C8 /* Main.storyboard in Resources */,
				FFACFCE81EF89D14000499C8 /* lamp_off.png in Resources */,
			);
			runOnlyForDeploymentPostprocessing = 0;
		};
/* End PBXResourcesBuildPhase section */

/* Begin PBXSourcesBuildPhase section */
		FFACFCCD1EF89A8E000499C8 /* Sources */ = {
			isa = PBXSourcesBuildPhase;
			buildActionMask = 2147483647;
			files = (
				FFACFCD71EF89A8E000499C8 /* ViewController.swift in Sources */,
				FFACFCD51EF89A8E000499C8 /* AppDelegate.swift in Sources */,
			);
			runOnlyForDeploymentPostprocessing = 0;
		};
/* End PBXSourcesBuildPhase section */

/* Begin PBXVariantGroup section */
		FFACFCD81EF89A8E000499C8 /* Main.storyboard */ = {
			isa = PBXVariantGroup;
			children = (
				FFACFCD91EF89A8E000499C8 /* Base */,
			);
			name = Main.storyboard;
			sourceTree = "<group>";
		};
		FFACFCDD1EF89A8E000499C8 /* LaunchScreen.storyboard */ = {
			isa = PBXVariantGroup;
			children = (
				FFACFCDE1EF89A8E000499C8 /* Base */,
			);
			name = LaunchScreen.storyboard;
			sourceTree = "<group>";
		};
/* End PBXVariantGroup section */

/* Begin XCBuildConfiguration section */
		FFACFCE11EF89A8E000499C8 /* Debug */ = {
			isa = XCBuildConfiguration;
			buildSettings = {
				ALWAYS_SEARCH_USER_PATHS = NO;
				CLANG_ANALYZER_NONNULL = YES;
				CLANG_ANALYZER_NUMBER_OBJECT_CONVERSION = YES_AGGRESSIVE;
				CLANG_CXX_LANGUAGE_STANDARD = "gnu++0x";
				CLANG_CXX_LIBRARY = "libc++";
				CLANG_ENABLE_MODULES = YES;
				CLANG_ENABLE_OBJC_ARC = YES;
				CLANG_WARN_BOOL_CONVERSION = YES;
				CLANG_WARN_CONSTANT_CONVERSION = YES;
				CLANG_WARN_DIRECT_OBJC_ISA_USAGE = YES_ERROR;
				CLANG_WARN_DOCUMENTATION_COMMENTS = YES;
				CLANG_WARN_EMPTY_BODY = YES;
				CLANG_WARN_ENUM_CONVERSION = YES;
				CLANG_WARN_INFINITE_RECURSION = YES;
				CLANG_WARN_INT_CONVERSION = YES;
				CLANG_WARN_OBJC_ROOT_CLASS = YES_ERROR;
				CLANG_WARN_SUSPICIOUS_MOVE = YES;
				CLANG_WARN_UNREACHABLE_CODE = YES;
				CLANG_WARN__DUPLICATE_METHOD_MATCH = YES;
				"CODE_SIGN_IDENTITY[sdk=iphoneos*]" = "iPhone Developer";
				COPY_PHASE_STRIP = NO;
				DEBUG_INFORMATION_FORMAT = dwarf;
				ENABLE_STRICT_OBJC_MSGSEND = YES;
				ENABLE_TESTABILITY = YES;
				GCC_C_LANGUAGE_STANDARD = gnu99;
				GCC_DYNAMIC_NO_PIC = NO;
				GCC_NO_COMMON_BLOCKS = YES;
				GCC_OPTIMIZATION_LEVEL = 0;
				GCC_PREPROCESSOR_DEFINITIONS = (
					"DEBUG=1",
					"$(inherited)",
				);
				GCC_WARN_64_TO_32_BIT_CONVERSION = YES;
				GCC_WARN_ABOUT_RETURN_TYPE = YES_ERROR;
				GCC_WARN_UNDECLARED_SELECTOR = YES;
				GCC_WARN_UNINITIALIZED_AUTOS = YES_AGGRESSIVE;
				GCC_WARN_UNUSED_FUNCTION = YES;
				GCC_WARN_UNUSED_VARIABLE = YES;
				IPHONEOS_DEPLOYMENT_TARGET = 10.3;
				MTL_ENABLE_DEBUG_INFO = YES;
				ONLY_ACTIVE_ARCH = YES;
				SDKROOT = iphoneos;
				SWIFT_ACTIVE_COMPILATION_CONDITIONS = DEBUG;
				SWIFT_OPTIMIZATION_LEVEL = "-Onone";
			};
			name = Debug;
		};
		FFACFCE21EF89A8E000499C8 /* Release */ = {
			isa = XCBuildConfiguration;
			buildSettings = {
				ALWAYS_SEARCH_USER_PATHS = NO;
				CLANG_ANALYZER_NONNULL = YES;
				CLANG_ANALYZER_NUMBER_OBJECT_CONVERSION = YES_AGGRESSIVE;
				CLANG_CXX_LANGUAGE_STANDARD = "gnu++0x";
				CLANG_CXX_LIBRARY = "libc++";
				CLANG_ENABLE_MODULES = YES;
				CLANG_ENABLE_OBJC_ARC = YES;
				CLANG_WARN_BOOL_CONVERSION = YES;
				CLANG_WARN_CONSTANT_CONVERSION = YES;
				CLANG_WARN_DIRECT_OBJC_ISA_USAGE = YES_ERROR;
				CLANG_WARN_DOCUMENTATION_COMMENTS = YES;
				CLANG_WARN_EMPTY_BODY = YES;
				CLANG_WARN_ENUM_CONVERSION = YES;
				CLANG_WARN_INFINITE_RECURSION = YES;
				CLANG_WARN_INT_CONVERSION = YES;
				CLANG_WARN_OBJC_ROOT_CLASS = YES_ERROR;
				CLANG_WARN_SUSPICIOUS_MOVE = YES;
				CLANG_WARN_UNREACHABLE_CODE = YES;
				CLANG_WARN__DUPLICATE_METHOD_MATCH = YES;
				"CODE_SIGN_IDENTITY[sdk=iphoneos*]" = "iPhone Developer";
				COPY_PHASE_STRIP = NO;
				DEBUG_INFORMATION_FORMAT = "dwarf-with-dsym";
				ENABLE_NS_ASSERTIONS = NO;
				ENABLE_STRICT_OBJC_MSGSEND = YES;
				GCC_C_LANGUAGE_STANDARD = gnu99;
				GCC_NO_COMMON_BLOCKS = YES;
				GCC_WARN_64_TO_32_BIT_CONVERSION = YES;
				GCC_WARN_ABOUT_RETURN_TYPE = YES_ERROR;
				GCC_WARN_UNDECLARED_SELECTOR = YES;
				GCC_WARN_UNINITIALIZED_AUTOS = YES_AGGRESSIVE;
				GCC_WARN_UNUSED_FUNCTION = YES;
				GCC_WARN_UNUSED_VARIABLE = YES;
				IPHONEOS_DEPLOYMENT_TARGET = 10.3;
				MTL_ENABLE_DEBUG_INFO = NO;
				SDKROOT = iphoneos;
				SWIFT_OPTIMIZATION_LEVEL = "-Owholemodule";
				VALIDATE_PRODUCT = YES;
			};
			name = Release;
		};
		FFACFCE41EF89A8E000499C8 /* Debug */ = {
			isa = XCBuildConfiguration;
			buildSettings = {
				ASSETCATALOG_COMPILER_APPICON_NAME = AppIcon;
				INFOPLIST_FILE = ImageView/Info.plist;
				LD_RUNPATH_SEARCH_PATHS = "$(inherited) @executable_path/Frameworks";
				PRODUCT_BUNDLE_IDENTIFIER = com.yourcompany.ImageView;
				PRODUCT_NAME = "$(TARGET_NAME)";
				SWIFT_VERSION = 3.0;
			};
			name = Debug;
		};
		FFACFCE51EF89A8E000499C8 /* Release */ = {
			isa = XCBuildConfiguration;
			buildSettings = {
				ASSETCATALOG_COMPILER_APPICON_NAME = AppIcon;
				INFOPLIST_FILE = ImageView/Info.plist;
				LD_RUNPATH_SEARCH_PATHS = "$(inherited) @executable_path/Frameworks";
				PRODUCT_BUNDLE_IDENTIFIER = com.yourcompany.ImageView;
				PRODUCT_NAME = "$(TARGET_NAME)";
				SWIFT_VERSION = 3.0;
			};
			name = Release;
		};
/* End XCBuildConfiguration section */

/* Begin XCConfigurationList section */
		FFACFCCC1EF89A8E000499C8 /* Build configuration list for PBXProject "ImageView" */ = {
			isa = XCConfigurationList;
			buildConfigurations = (
				FFACFCE11EF89A8E000499C8 /* Debug */,
				FFACFCE21EF89A8E000499C8 /* Release */,
			);
			defaultConfigurationIsVisible = 0;
			defaultConfigurationName = Release;
		};
		FFACFCE31EF89A8E000499C8 /* Build configuration list for PBXNativeTarget "ImageView" */ = {
			isa = XCConfigurationList;
			buildConfigurations = (
				FFACFCE41EF89A8E000499C8 /* Debug */,
				FFACFCE51EF89A8E000499C8 /* Release */,
			);
			defaultConfigurationIsVisible = 0;
		};
/* End XCConfigurationList section */
	};
	rootObject = FFACFCC91EF89A8E000499C8 /* Project object */;
}
