// !$*UTF8*$!
{
	archiveVersion = 1;
	classes = {
	};
	objectVersion = 46;
	objects = {

/* Begin PBXBuildFile section */
		FF13BB1D1F5637D900DF628C /* AppDelegate.swift in Sources */ = {isa = PBXBuildFile; fileRef = FF13BB1C1F5637D900DF628C /* AppDelegate.swift */; };
		FF13BB221F5637D900DF628C /* Main.storyboard in Resources */ = {isa = PBXBuildFile; fileRef = FF13BB201F5637D900DF628C /* Main.storyboard */; };
		FF13BB241F5637D900DF628C /* Assets.xcassets in Resources */ = {isa = PBXBuildFile; fileRef = FF13BB231F5637D900DF628C /* Assets.xcassets */; };
		FF13BB271F5637D900DF628C /* LaunchScreen.storyboard in Resources */ = {isa = PBXBuildFile; fileRef = FF13BB251F5637D900DF628C /* LaunchScreen.storyboard */; };
		FF13BB2F1F56BC1600DF628C /* TableViewController.swift in Sources */ = {isa = PBXBuildFile; fileRef = FF13BB2E1F56BC1600DF628C /* TableViewController.swift */; };
		FF13BB311F56BC4700DF628C /* AddViewController.swift in Sources */ = {isa = PBXBuildFile; fileRef = FF13BB301F56BC4700DF628C /* AddViewController.swift */; };
		FF13BB331F56BC6800DF628C /* DetailViewController.swift in Sources */ = {isa = PBXBuildFile; fileRef = FF13BB321F56BC6800DF628C /* DetailViewController.swift */; };
		FF13BB371F56BE4100DF628C /* cart.png in Resources */ = {isa = PBXBuildFile; fileRef = FF13BB341F56BE4100DF628C /* cart.png */; };
		FF13BB381F56BE4100DF628C /* clock.png in Resources */ = {isa = PBXBuildFile; fileRef = FF13BB351F56BE4100DF628C /* clock.png */; };
		FF13BB391F56BE4100DF628C /* pencil.png in Resources */ = {isa = PBXBuildFile; fileRef = FF13BB361F56BE4100DF628C /* pencil.png */; };
/* End PBXBuildFile section */

/* Begin PBXFileReference section */
		FF13BB191F5637D900DF628C /* Table.app */ = {isa = PBXFileReference; explicitFileType = wrapper.application; includeInIndex = 0; path = Table.app; sourceTree = BUILT_PRODUCTS_DIR; };
		FF13BB1C1F5637D900DF628C /* AppDelegate.swift */ = {isa = PBXFileReference; lastKnownFileType = sourcecode.swift; path = AppDelegate.swift; sourceTree = "<group>"; };
		FF13BB211F5637D900DF628C /* Base */ = {isa = PBXFileReference; lastKnownFileType = file.storyboard; name = Base; path = Base.lproj/Main.storyboard; sourceTree = "<group>"; };
		FF13BB231F5637D900DF628C /* Assets.xcassets */ = {isa = PBXFileReference; lastKnownFileType = folder.assetcatalog; path = Assets.xcassets; sourceTree = "<group>"; };
		FF13BB261F5637D900DF628C /* Base */ = {isa = PBXFileReference; lastKnownFileType = file.storyboard; name = Base; path = Base.lproj/LaunchScreen.storyboard; sourceTree = "<group>"; };
		FF13BB281F5637D900DF628C /* Info.plist */ = {isa = PBXFileReference; lastKnownFileType = text.plist.xml; path = Info.plist; sourceTree = "<group>"; };
		FF13BB2E1F56BC1600DF628C /* TableViewController.swift */ = {isa = PBXFileReference; fileEncoding = 4; lastKnownFileType = sourcecode.swift; path = TableViewController.swift; sourceTree = "<group>"; };
		FF13BB301F56BC4700DF628C /* AddViewController.swift */ = {isa = PBXFileReference; fileEncoding = 4; lastKnownFileType = sourcecode.swift; path = AddViewController.swift; sourceTree = "<group>"; };
		FF13BB321F56BC6800DF628C /* DetailViewController.swift */ = {isa = PBXFileReference; fileEncoding = 4; lastKnownFileType = sourcecode.swift; path = DetailViewController.swift; sourceTree = "<group>"; };
		FF13BB341F56BE4100DF628C /* cart.png */ = {isa = PBXFileReference; lastKnownFileType = image.png; path = cart.png; sourceTree = "<group>"; };
		FF13BB351F56BE4100DF628C /* clock.png */ = {isa = PBXFileReference; lastKnownFileType = image.png; path = clock.png; sourceTree = "<group>"; };
		FF13BB361F56BE4100DF628C /* pencil.png */ = {isa = PBXFileReference; lastKnownFileType = image.png; path = pencil.png; sourceTree = "<group>"; };
/* End PBXFileReference section */

/* Begin PBXFrameworksBuildPhase section */
		FF13BB161F5637D900DF628C /* Frameworks */ = {
			isa = PBXFrameworksBuildPhase;
			buildActionMask = 2147483647;
			files = (
			);
			runOnlyForDeploymentPostprocessing = 0;
		};
/* End PBXFrameworksBuildPhase section */

/* Begin PBXGroup section */
		FF13BB101F5637D900DF628C = {
			isa = PBXGroup;
			children = (
				FF13BB1B1F5637D900DF628C /* Table */,
				FF13BB1A1F5637D900DF628C /* Products */,
			);
			sourceTree = "<group>";
		};
		FF13BB1A1F5637D900DF628C /* Products */ = {
			isa = PBXGroup;
			children = (
				FF13BB191F5637D900DF628C /* Table.app */,
			);
			name = Products;
			sourceTree = "<group>";
		};
		FF13BB1B1F5637D900DF628C /* Table */ = {
			isa = PBXGroup;
			children = (
				FF13BB341F56BE4100DF628C /* cart.png */,
				FF13BB351F56BE4100DF628C /* clock.png */,
				FF13BB361F56BE4100DF628C /* pencil.png */,
				FF13BB301F56BC4700DF628C /* AddViewController.swift */,
				FF13BB2E1F56BC1600DF628C /* TableViewController.swift */,
				FF13BB1C1F5637D900DF628C /* AppDelegate.swift */,
				FF13BB201F5637D900DF628C /* Main.storyboard */,
				FF13BB231F5637D900DF628C /* Assets.xcassets */,
				FF13BB251F5637D900DF628C /* LaunchScreen.storyboard */,
				FF13BB281F5637D900DF628C /* Info.plist */,
				FF13BB321F56BC6800DF628C /* DetailViewController.swift */,
			);
			path = Table;
			sourceTree = "<group>";
		};
/* End PBXGroup section */

/* Begin PBXNativeTarget section */
		FF13BB181F5637D900DF628C /* Table */ = {
			isa = PBXNativeTarget;
			buildConfigurationList = FF13BB2B1F5637D900DF628C /* Build configuration list for PBXNativeTarget "Table" */;
			buildPhases = (
				FF13BB151F5637D900DF628C /* Sources */,
				FF13BB161F5637D900DF628C /* Frameworks */,
				FF13BB171F5637D900DF628C /* Resources */,
			);
			buildRules = (
			);
			dependencies = (
			);
			name = Table;
			productName = Table;
			productReference = FF13BB191F5637D900DF628C /* Table.app */;
			productType = "com.apple.product-type.application";
		};
/* End PBXNativeTarget section */

/* Begin PBXProject section */
		FF13BB111F5637D900DF628C /* Project object */ = {
			isa = PBXProject;
			attributes = {
				LastSwiftUpdateCheck = 0830;
				LastUpgradeCheck = 0830;
				ORGANIZATIONNAME = Hongzoo;
				TargetAttributes = {
					FF13BB181F5637D900DF628C = {
						CreatedOnToolsVersion = 8.3.3;
						ProvisioningStyle = Automatic;
					};
				};
			};
			buildConfigurationList = FF13BB141F5637D900DF628C /* Build configuration list for PBXProject "Table" */;
			compatibilityVersion = "Xcode 3.2";
			developmentRegion = English;
			hasScannedForEncodings = 0;
			knownRegions = (
				en,
				Base,
			);
			mainGroup = FF13BB101F5637D900DF628C;
			productRefGroup = FF13BB1A1F5637D900DF628C /* Products */;
			projectDirPath = "";
			projectRoot = "";
			targets = (
				FF13BB181F5637D900DF628C /* Table */,
			);
		};
/* End PBXProject section */

/* Begin PBXResourcesBuildPhase section */
		FF13BB171F5637D900DF628C /* Resources */ = {
			isa = PBXResourcesBuildPhase;
			buildActionMask = 2147483647;
			files = (
				FF13BB391F56BE4100DF628C /* pencil.png in Resources */,
				FF13BB271F5637D900DF628C /* LaunchScreen.storyboard in Resources */,
				FF13BB381F56BE4100DF628C /* clock.png in Resources */,
				FF13BB371F56BE4100DF628C /* cart.png in Resources */,
				FF13BB241F5637D900DF628C /* Assets.xcassets in Resources */,
				FF13BB221F5637D900DF628C /* Main.storyboard in Resources */,
			);
			runOnlyForDeploymentPostprocessing = 0;
		};
/* End PBXResourcesBuildPhase section */

/* Begin PBXSourcesBuildPhase section */
		FF13BB151F5637D900DF628C /* Sources */ = {
			isa = PBXSourcesBuildPhase;
			buildActionMask = 2147483647;
			files = (
				FF13BB1D1F5637D900DF628C /* AppDelegate.swift in Sources */,
				FF13BB2F1F56BC1600DF628C /* TableViewController.swift in Sources */,
				FF13BB311F56BC4700DF628C /* AddViewController.swift in Sources */,
				FF13BB331F56BC6800DF628C /* DetailViewController.swift in Sources */,
			);
			runOnlyForDeploymentPostprocessing = 0;
		};
/* End PBXSourcesBuildPhase section */

/* Begin PBXVariantGroup section */
		FF13BB201F5637D900DF628C /* Main.storyboard */ = {
			isa = PBXVariantGroup;
			children = (
				FF13BB211F5637D900DF628C /* Base */,
			);
			name = Main.storyboard;
			sourceTree = "<group>";
		};
		FF13BB251F5637D900DF628C /* LaunchScreen.storyboard */ = {
			isa = PBXVariantGroup;
			children = (
				FF13BB261F5637D900DF628C /* Base */,
			);
			name = LaunchScreen.storyboard;
			sourceTree = "<group>";
		};
/* End PBXVariantGroup section */

/* Begin XCBuildConfiguration section */
		FF13BB291F5637D900DF628C /* Debug */ = {
			isa = XCBuildConfiguration;
			buildSettings = {
				ALWAYS_SEARCH_USER_PATHS = NO;
				CLANG_ANALYZER_NONNULL = YES;
				CLANG_ANALYZER_NUMBER_OBJECT_CONVERSION = YES_AGGRESSIVE;
				CLANG_CXX_LANGUAGE_STANDARD = "gnu++0x";
				CLANG_CXX_LIBRARY = "libc++";
				CLANG_ENABLE_MODULES = YES;
				CLANG_ENABLE_OBJC_ARC = YES;
				CLANG_WARN_BOOL_CONVERSION = YES;
				CLANG_WARN_CONSTANT_CONVERSION = YES;
				CLANG_WARN_DIRECT_OBJC_ISA_USAGE = YES_ERROR;
				CLANG_WARN_DOCUMENTATION_COMMENTS = YES;
				CLANG_WARN_EMPTY_BODY = YES;
				CLANG_WARN_ENUM_CONVERSION = YES;
				CLANG_WARN_INFINITE_RECURSION = YES;
				CLANG_WARN_INT_CONVERSION = YES;
				CLANG_WARN_OBJC_ROOT_CLASS = YES_ERROR;
				CLANG_WARN_SUSPICIOUS_MOVE = YES;
				CLANG_WARN_UNREACHABLE_CODE = YES;
				CLANG_WARN__DUPLICATE_METHOD_MATCH = YES;
				"CODE_SIGN_IDENTITY[sdk=iphoneos*]" = "iPhone Developer";
				COPY_PHASE_STRIP = NO;
				DEBUG_INFORMATION_FORMAT = dwarf;
				ENABLE_STRICT_OBJC_MSGSEND = YES;
				ENABLE_TESTABILITY = YES;
				GCC_C_LANGUAGE_STANDARD = gnu99;
				GCC_DYNAMIC_NO_PIC = NO;
				GCC_NO_COMMON_BLOCKS = YES;
				GCC_OPTIMIZATION_LEVEL = 0;
				GCC_PREPROCESSOR_DEFINITIONS = (
					"DEBUG=1",
					"$(inherited)",
				);
				GCC_WARN_64_TO_32_BIT_CONVERSION = YES;
				GCC_WARN_ABOUT_RETURN_TYPE = YES_ERROR;
				GCC_WARN_UNDECLARED_SELECTOR = YES;
				GCC_WARN_UNINITIALIZED_AUTOS = YES_AGGRESSIVE;
				GCC_WARN_UNUSED_FUNCTION = YES;
				GCC_WARN_UNUSED_VARIABLE = YES;
				IPHONEOS_DEPLOYMENT_TARGET = 10.3;
				MTL_ENABLE_DEBUG_INFO = YES;
				ONLY_ACTIVE_ARCH = YES;
				SDKROOT = iphoneos;
				SWIFT_ACTIVE_COMPILATION_CONDITIONS = DEBUG;
				SWIFT_OPTIMIZATION_LEVEL = "-Onone";
			};
			name = Debug;
		};
		FF13BB2A1F5637D900DF628C /* Release */ = {
			isa = XCBuildConfiguration;
			buildSettings = {
				ALWAYS_SEARCH_USER_PATHS = NO;
				CLANG_ANALYZER_NONNULL = YES;
				CLANG_ANALYZER_NUMBER_OBJECT_CONVERSION = YES_AGGRESSIVE;
				CLANG_CXX_LANGUAGE_STANDARD = "gnu++0x";
				CLANG_CXX_LIBRARY = "libc++";
				CLANG_ENABLE_MODULES = YES;
				CLANG_ENABLE_OBJC_ARC = YES;
				CLANG_WARN_BOOL_CONVERSION = YES;
				CLANG_WARN_CONSTANT_CONVERSION = YES;
				CLANG_WARN_DIRECT_OBJC_ISA_USAGE = YES_ERROR;
				CLANG_WARN_DOCUMENTATION_COMMENTS = YES;
				CLANG_WARN_EMPTY_BODY = YES;
				CLANG_WARN_ENUM_CONVERSION = YES;
				CLANG_WARN_INFINITE_RECURSION = YES;
				CLANG_WARN_INT_CONVERSION = YES;
				CLANG_WARN_OBJC_ROOT_CLASS = YES_ERROR;
				CLANG_WARN_SUSPICIOUS_MOVE = YES;
				CLANG_WARN_UNREACHABLE_CODE = YES;
				CLANG_WARN__DUPLICATE_METHOD_MATCH = YES;
				"CODE_SIGN_IDENTITY[sdk=iphoneos*]" = "iPhone Developer";
				COPY_PHASE_STRIP = NO;
				DEBUG_INFORMATION_FORMAT = "dwarf-with-dsym";
				ENABLE_NS_ASSERTIONS = NO;
				ENABLE_STRICT_OBJC_MSGSEND = YES;
				GCC_C_LANGUAGE_STANDARD = gnu99;
				GCC_NO_COMMON_BLOCKS = YES;
				GCC_WARN_64_TO_32_BIT_CONVERSION = YES;
				GCC_WARN_ABOUT_RETURN_TYPE = YES_ERROR;
				GCC_WARN_UNDECLARED_SELECTOR = YES;
				GCC_WARN_UNINITIALIZED_AUTOS = YES_AGGRESSIVE;
				GCC_WARN_UNUSED_FUNCTION = YES;
				GCC_WARN_UNUSED_VARIABLE = YES;
				IPHONEOS_DEPLOYMENT_TARGET = 10.3;
				MTL_ENABLE_DEBUG_INFO = NO;
				SDKROOT = iphoneos;
				SWIFT_OPTIMIZATION_LEVEL = "-Owholemodule";
				VALIDATE_PRODUCT = YES;
			};
			name = Release;
		};
		FF13BB2C1F5637D900DF628C /* Debug */ = {
			isa = XCBuildConfiguration;
			buildSettings = {
				ASSETCATALOG_COMPILER_APPICON_NAME = AppIcon;
				INFOPLIST_FILE = Table/Info.plist;
				LD_RUNPATH_SEARCH_PATHS = "$(inherited) @executable_path/Frameworks";
				PRODUCT_BUNDLE_IDENTIFIER = com.yourcompany.Table;
				PRODUCT_NAME = "$(TARGET_NAME)";
				SWIFT_VERSION = 3.0;
			};
			name = Debug;
		};
		FF13BB2D1F5637D900DF628C /* Release */ = {
			isa = XCBuildConfiguration;
			buildSettings = {
				ASSETCATALOG_COMPILER_APPICON_NAME = AppIcon;
				INFOPLIST_FILE = Table/Info.plist;
				LD_RUNPATH_SEARCH_PATHS = "$(inherited) @executable_path/Frameworks";
				PRODUCT_BUNDLE_IDENTIFIER = com.yourcompany.Table;
				PRODUCT_NAME = "$(TARGET_NAME)";
				SWIFT_VERSION = 3.0;
			};
			name = Release;
		};
/* End XCBuildConfiguration section */

/* Begin XCConfigurationList section */
		FF13BB141F5637D900DF628C /* Build configuration list for PBXProject "Table" */ = {
			isa = XCConfigurationList;
			buildConfigurations = (
				FF13BB291F5637D900DF628C /* Debug */,
				FF13BB2A1F5637D900DF628C /* Release */,
			);
			defaultConfigurationIsVisible = 0;
			defaultConfigurationName = Release;
		};
		FF13BB2B1F5637D900DF628C /* Build configuration list for PBXNativeTarget "Table" */ = {
			isa = XCConfigurationList;
			buildConfigurations = (
				FF13BB2C1F5637D900DF628C /* Debug */,
				FF13BB2D1F5637D900DF628C /* Release */,
			);
			defaultConfigurationIsVisible = 0;
		};
/* End XCConfigurationList section */
	};
	rootObject = FF13BB111F5637D900DF628C /* Project object */;
}
