// !$*UTF8*$!
{
	archiveVersion = 1;
	classes = {
	};
	objectVersion = 46;
	objects = {

/* Begin PBXBuildFile section */
		DAD947301F67A5030078B63C /* AppDelegate.swift in Sources */ = {isa = PBXBuildFile; fileRef = DAD9472F1F67A5030078B63C /* AppDelegate.swift */; };
		DAD947321F67A5030078B63C /* ViewController.swift in Sources */ = {isa = PBXBuildFile; fileRef = DAD947311F67A5030078B63C /* ViewController.swift */; };
		DAD947351F67A5030078B63C /* Main.storyboard in Resources */ = {isa = PBXBuildFile; fileRef = DAD947331F67A5030078B63C /* Main.storyboard */; };
		DAD947371F67A5030078B63C /* Assets.xcassets in Resources */ = {isa = PBXBuildFile; fileRef = DAD947361F67A5030078B63C /* Assets.xcassets */; };
		DAD9473A1F67A5030078B63C /* LaunchScreen.storyboard in Resources */ = {isa = PBXBuildFile; fileRef = DAD947381F67A5030078B63C /* LaunchScreen.storyboard */; };
		DAD9474E1F67A5A20078B63C /* arrow-down-black.png in Resources */ = {isa = PBXBuildFile; fileRef = DAD947421F67A5A20078B63C /* arrow-down-black.png */; };
		DAD9474F1F67A5A20078B63C /* arrow-down-green.png in Resources */ = {isa = PBXBuildFile; fileRef = DAD947431F67A5A20078B63C /* arrow-down-green.png */; };
		DAD947501F67A5A20078B63C /* arrow-down-red.png in Resources */ = {isa = PBXBuildFile; fileRef = DAD947441F67A5A20078B63C /* arrow-down-red.png */; };
		DAD947511F67A5A20078B63C /* arrow-left-black.png in Resources */ = {isa = PBXBuildFile; fileRef = DAD947451F67A5A20078B63C /* arrow-left-black.png */; };
		DAD947521F67A5A20078B63C /* arrow-left-green.png in Resources */ = {isa = PBXBuildFile; fileRef = DAD947461F67A5A20078B63C /* arrow-left-green.png */; };
		DAD947531F67A5A20078B63C /* arrow-left-red.png in Resources */ = {isa = PBXBuildFile; fileRef = DAD947471F67A5A20078B63C /* arrow-left-red.png */; };
		DAD947541F67A5A20078B63C /* arrow-right-black.png in Resources */ = {isa = PBXBuildFile; fileRef = DAD947481F67A5A20078B63C /* arrow-right-black.png */; };
		DAD947551F67A5A20078B63C /* arrow-right-green.png in Resources */ = {isa = PBXBuildFile; fileRef = DAD947491F67A5A20078B63C /* arrow-right-green.png */; };
		DAD947561F67A5A20078B63C /* arrow-right-red.png in Resources */ = {isa = PBXBuildFile; fileRef = DAD9474A1F67A5A20078B63C /* arrow-right-red.png */; };
		DAD947571F67A5A20078B63C /* arrow-up-black.png in Resources */ = {isa = PBXBuildFile; fileRef = DAD9474B1F67A5A20078B63C /* arrow-up-black.png */; };
		DAD947581F67A5A20078B63C /* arrow-up-green.png in Resources */ = {isa = PBXBuildFile; fileRef = DAD9474C1F67A5A20078B63C /* arrow-up-green.png */; };
		DAD947591F67A5A20078B63C /* arrow-up-red.png in Resources */ = {isa = PBXBuildFile; fileRef = DAD9474D1F67A5A20078B63C /* arrow-up-red.png */; };
/* End PBXBuildFile section */

/* Begin PBXFileReference section */
		DAD9472C1F67A5030078B63C /* 18_swipe.app */ = {isa = PBXFileReference; explicitFileType = wrapper.application; includeInIndex = 0; path = 18_swipe.app; sourceTree = BUILT_PRODUCTS_DIR; };
		DAD9472F1F67A5030078B63C /* AppDelegate.swift */ = {isa = PBXFileReference; lastKnownFileType = sourcecode.swift; path = AppDelegate.swift; sourceTree = "<group>"; };
		DAD947311F67A5030078B63C /* ViewController.swift */ = {isa = PBXFileReference; lastKnownFileType = sourcecode.swift; path = ViewController.swift; sourceTree = "<group>"; };
		DAD947341F67A5030078B63C /* Base */ = {isa = PBXFileReference; lastKnownFileType = file.storyboard; name = Base; path = Base.lproj/Main.storyboard; sourceTree = "<group>"; };
		DAD947361F67A5030078B63C /* Assets.xcassets */ = {isa = PBXFileReference; lastKnownFileType = folder.assetcatalog; path = Assets.xcassets; sourceTree = "<group>"; };
		DAD947391F67A5030078B63C /* Base */ = {isa = PBXFileReference; lastKnownFileType = file.storyboard; name = Base; path = Base.lproj/LaunchScreen.storyboard; sourceTree = "<group>"; };
		DAD9473B1F67A5030078B63C /* Info.plist */ = {isa = PBXFileReference; lastKnownFileType = text.plist.xml; path = Info.plist; sourceTree = "<group>"; };
		DAD947421F67A5A20078B63C /* arrow-down-black.png */ = {isa = PBXFileReference; lastKnownFileType = image.png; path = "arrow-down-black.png"; sourceTree = "<group>"; };
		DAD947431F67A5A20078B63C /* arrow-down-green.png */ = {isa = PBXFileReference; lastKnownFileType = image.png; path = "arrow-down-green.png"; sourceTree = "<group>"; };
		DAD947441F67A5A20078B63C /* arrow-down-red.png */ = {isa = PBXFileReference; lastKnownFileType = image.png; path = "arrow-down-red.png"; sourceTree = "<group>"; };
		DAD947451F67A5A20078B63C /* arrow-left-black.png */ = {isa = PBXFileReference; lastKnownFileType = image.png; path = "arrow-left-black.png"; sourceTree = "<group>"; };
		DAD947461F67A5A20078B63C /* arrow-left-green.png */ = {isa = PBXFileReference; lastKnownFileType = image.png; path = "arrow-left-green.png"; sourceTree = "<group>"; };
		DAD947471F67A5A20078B63C /* arrow-left-red.png */ = {isa = PBXFileReference; lastKnownFileType = image.png; path = "arrow-left-red.png"; sourceTree = "<group>"; };
		DAD947481F67A5A20078B63C /* arrow-right-black.png */ = {isa = PBXFileReference; lastKnownFileType = image.png; path = "arrow-right-black.png"; sourceTree = "<group>"; };
		DAD947491F67A5A20078B63C /* arrow-right-green.png */ = {isa = PBXFileReference; lastKnownFileType = image.png; path = "arrow-right-green.png"; sourceTree = "<group>"; };
		DAD9474A1F67A5A20078B63C /* arrow-right-red.png */ = {isa = PBXFileReference; lastKnownFileType = image.png; path = "arrow-right-red.png"; sourceTree = "<group>"; };
		DAD9474B1F67A5A20078B63C /* arrow-up-black.png */ = {isa = PBXFileReference; lastKnownFileType = image.png; path = "arrow-up-black.png"; sourceTree = "<group>"; };
		DAD9474C1F67A5A20078B63C /* arrow-up-green.png */ = {isa = PBXFileReference; lastKnownFileType = image.png; path = "arrow-up-green.png"; sourceTree = "<group>"; };
		DAD9474D1F67A5A20078B63C /* arrow-up-red.png */ = {isa = PBXFileReference; lastKnownFileType = image.png; path = "arrow-up-red.png"; sourceTree = "<group>"; };
/* End PBXFileReference section */

/* Begin PBXFrameworksBuildPhase section */
		DAD947291F67A5030078B63C /* Frameworks */ = {
			isa = PBXFrameworksBuildPhase;
			buildActionMask = 2147483647;
			files = (
			);
			runOnlyForDeploymentPostprocessing = 0;
		};
/* End PBXFrameworksBuildPhase section */

/* Begin PBXGroup section */
		DAD947231F67A5030078B63C = {
			isa = PBXGroup;
			children = (
				DAD9472E1F67A5030078B63C /* 18_swipe */,
				DAD9472D1F67A5030078B63C /* Products */,
			);
			sourceTree = "<group>";
		};
		DAD9472D1F67A5030078B63C /* Products */ = {
			isa = PBXGroup;
			children = (
				DAD9472C1F67A5030078B63C /* 18_swipe.app */,
			);
			name = Products;
			sourceTree = "<group>";
		};
		DAD9472E1F67A5030078B63C /* 18_swipe */ = {
			isa = PBXGroup;
			children = (
				DAD947411F67A5960078B63C /* images */,
				DAD9472F1F67A5030078B63C /* AppDelegate.swift */,
				DAD947311F67A5030078B63C /* ViewController.swift */,
				DAD947331F67A5030078B63C /* Main.storyboard */,
				DAD947361F67A5030078B63C /* Assets.xcassets */,
				DAD947381F67A5030078B63C /* LaunchScreen.storyboard */,
				DAD9473B1F67A5030078B63C /* Info.plist */,
			);
			path = 18_swipe;
			sourceTree = "<group>";
		};
		DAD947411F67A5960078B63C /* images */ = {
			isa = PBXGroup;
			children = (
				DAD947421F67A5A20078B63C /* arrow-down-black.png */,
				DAD947431F67A5A20078B63C /* arrow-down-green.png */,
				DAD947441F67A5A20078B63C /* arrow-down-red.png */,
				DAD947451F67A5A20078B63C /* arrow-left-black.png */,
				DAD947461F67A5A20078B63C /* arrow-left-green.png */,
				DAD947471F67A5A20078B63C /* arrow-left-red.png */,
				DAD947481F67A5A20078B63C /* arrow-right-black.png */,
				DAD947491F67A5A20078B63C /* arrow-right-green.png */,
				DAD9474A1F67A5A20078B63C /* arrow-right-red.png */,
				DAD9474B1F67A5A20078B63C /* arrow-up-black.png */,
				DAD9474C1F67A5A20078B63C /* arrow-up-green.png */,
				DAD9474D1F67A5A20078B63C /* arrow-up-red.png */,
			);
			name = images;
			sourceTree = "<group>";
		};
/* End PBXGroup section */

/* Begin PBXNativeTarget section */
		DAD9472B1F67A5030078B63C /* 18_swipe */ = {
			isa = PBXNativeTarget;
			buildConfigurationList = DAD9473E1F67A5030078B63C /* Build configuration list for PBXNativeTarget "18_swipe" */;
			buildPhases = (
				DAD947281F67A5030078B63C /* Sources */,
				DAD947291F67A5030078B63C /* Frameworks */,
				DAD9472A1F67A5030078B63C /* Resources */,
			);
			buildRules = (
			);
			dependencies = (
			);
			name = 18_swipe;
			productName = 18_swipe;
			productReference = DAD9472C1F67A5030078B63C /* 18_swipe.app */;
			productType = "com.apple.product-type.application";
		};
/* End PBXNativeTarget section */

/* Begin PBXProject section */
		DAD947241F67A5030078B63C /* Project object */ = {
			isa = PBXProject;
			attributes = {
				LastSwiftUpdateCheck = 0830;
				LastUpgradeCheck = 0830;
				ORGANIZATIONNAME = choyoungkwang;
				TargetAttributes = {
					DAD9472B1F67A5030078B63C = {
						CreatedOnToolsVersion = 8.3.3;
						ProvisioningStyle = Automatic;
					};
				};
			};
			buildConfigurationList = DAD947271F67A5030078B63C /* Build configuration list for PBXProject "18_swipe" */;
			compatibilityVersion = "Xcode 3.2";
			developmentRegion = English;
			hasScannedForEncodings = 0;
			knownRegions = (
				en,
				Base,
			);
			mainGroup = DAD947231F67A5030078B63C;
			productRefGroup = DAD9472D1F67A5030078B63C /* Products */;
			projectDirPath = "";
			projectRoot = "";
			targets = (
				DAD9472B1F67A5030078B63C /* 18_swipe */,
			);
		};
/* End PBXProject section */

/* Begin PBXResourcesBuildPhase section */
		DAD9472A1F67A5030078B63C /* Resources */ = {
			isa = PBXResourcesBuildPhase;
			buildActionMask = 2147483647;
			files = (
				DAD947571F67A5A20078B63C /* arrow-up-black.png in Resources */,
				DAD947521F67A5A20078B63C /* arrow-left-green.png in Resources */,
				DAD9473A1F67A5030078B63C /* LaunchScreen.storyboard in Resources */,
				DAD947501F67A5A20078B63C /* arrow-down-red.png in Resources */,
				DAD9474E1F67A5A20078B63C /* arrow-down-black.png in Resources */,
				DAD947591F67A5A20078B63C /* arrow-up-red.png in Resources */,
				DAD947511F67A5A20078B63C /* arrow-left-black.png in Resources */,
				DAD9474F1F67A5A20078B63C /* arrow-down-green.png in Resources */,
				DAD947531F67A5A20078B63C /* arrow-left-red.png in Resources */,
				DAD947581F67A5A20078B63C /* arrow-up-green.png in Resources */,
				DAD947371F67A5030078B63C /* Assets.xcassets in Resources */,
				DAD947561F67A5A20078B63C /* arrow-right-red.png in Resources */,
				DAD947551F67A5A20078B63C /* arrow-right-green.png in Resources */,
				DAD947541F67A5A20078B63C /* arrow-right-black.png in Resources */,
				DAD947351F67A5030078B63C /* Main.storyboard in Resources */,
			);
			runOnlyForDeploymentPostprocessing = 0;
		};
/* End PBXResourcesBuildPhase section */

/* Begin PBXSourcesBuildPhase section */
		DAD947281F67A5030078B63C /* Sources */ = {
			isa = PBXSourcesBuildPhase;
			buildActionMask = 2147483647;
			files = (
				DAD947321F67A5030078B63C /* ViewController.swift in Sources */,
				DAD947301F67A5030078B63C /* AppDelegate.swift in Sources */,
			);
			runOnlyForDeploymentPostprocessing = 0;
		};
/* End PBXSourcesBuildPhase section */

/* Begin PBXVariantGroup section */
		DAD947331F67A5030078B63C /* Main.storyboard */ = {
			isa = PBXVariantGroup;
			children = (
				DAD947341F67A5030078B63C /* Base */,
			);
			name = Main.storyboard;
			sourceTree = "<group>";
		};
		DAD947381F67A5030078B63C /* LaunchScreen.storyboard */ = {
			isa = PBXVariantGroup;
			children = (
				DAD947391F67A5030078B63C /* Base */,
			);
			name = LaunchScreen.storyboard;
			sourceTree = "<group>";
		};
/* End PBXVariantGroup section */

/* Begin XCBuildConfiguration section */
		DAD9473C1F67A5030078B63C /* Debug */ = {
			isa = XCBuildConfiguration;
			buildSettings = {
				ALWAYS_SEARCH_USER_PATHS = NO;
				CLANG_ANALYZER_NONNULL = YES;
				CLANG_ANALYZER_NUMBER_OBJECT_CONVERSION = YES_AGGRESSIVE;
				CLANG_CXX_LANGUAGE_STANDARD = "gnu++0x";
				CLANG_CXX_LIBRARY = "libc++";
				CLANG_ENABLE_MODULES = YES;
				CLANG_ENABLE_OBJC_ARC = YES;
				CLANG_WARN_BOOL_CONVERSION = YES;
				CLANG_WARN_CONSTANT_CONVERSION = YES;
				CLANG_WARN_DIRECT_OBJC_ISA_USAGE = YES_ERROR;
				CLANG_WARN_DOCUMENTATION_COMMENTS = YES;
				CLANG_WARN_EMPTY_BODY = YES;
				CLANG_WARN_ENUM_CONVERSION = YES;
				CLANG_WARN_INFINITE_RECURSION = YES;
				CLANG_WARN_INT_CONVERSION = YES;
				CLANG_WARN_OBJC_ROOT_CLASS = YES_ERROR;
				CLANG_WARN_SUSPICIOUS_MOVE = YES;
				CLANG_WARN_UNREACHABLE_CODE = YES;
				CLANG_WARN__DUPLICATE_METHOD_MATCH = YES;
				"CODE_SIGN_IDENTITY[sdk=iphoneos*]" = "iPhone Developer";
				COPY_PHASE_STRIP = NO;
				DEBUG_INFORMATION_FORMAT = dwarf;
				ENABLE_STRICT_OBJC_MSGSEND = YES;
				ENABLE_TESTABILITY = YES;
				GCC_C_LANGUAGE_STANDARD = gnu99;
				GCC_DYNAMIC_NO_PIC = NO;
				GCC_NO_COMMON_BLOCKS = YES;
				GCC_OPTIMIZATION_LEVEL = 0;
				GCC_PREPROCESSOR_DEFINITIONS = (
					"DEBUG=1",
					"$(inherited)",
				);
				GCC_WARN_64_TO_32_BIT_CONVERSION = YES;
				GCC_WARN_ABOUT_RETURN_TYPE = YES_ERROR;
				GCC_WARN_UNDECLARED_SELECTOR = YES;
				GCC_WARN_UNINITIALIZED_AUTOS = YES_AGGRESSIVE;
				GCC_WARN_UNUSED_FUNCTION = YES;
				GCC_WARN_UNUSED_VARIABLE = YES;
				IPHONEOS_DEPLOYMENT_TARGET = 10.3;
				MTL_ENABLE_DEBUG_INFO = YES;
				ONLY_ACTIVE_ARCH = YES;
				SDKROOT = iphoneos;
				SWIFT_ACTIVE_COMPILATION_CONDITIONS = DEBUG;
				SWIFT_OPTIMIZATION_LEVEL = "-Onone";
			};
			name = Debug;
		};
		DAD9473D1F67A5030078B63C /* Release */ = {
			isa = XCBuildConfiguration;
			buildSettings = {
				ALWAYS_SEARCH_USER_PATHS = NO;
				CLANG_ANALYZER_NONNULL = YES;
				CLANG_ANALYZER_NUMBER_OBJECT_CONVERSION = YES_AGGRESSIVE;
				CLANG_CXX_LANGUAGE_STANDARD = "gnu++0x";
				CLANG_CXX_LIBRARY = "libc++";
				CLANG_ENABLE_MODULES = YES;
				CLANG_ENABLE_OBJC_ARC = YES;
				CLANG_WARN_BOOL_CONVERSION = YES;
				CLANG_WARN_CONSTANT_CONVERSION = YES;
				CLANG_WARN_DIRECT_OBJC_ISA_USAGE = YES_ERROR;
				CLANG_WARN_DOCUMENTATION_COMMENTS = YES;
				CLANG_WARN_EMPTY_BODY = YES;
				CLANG_WARN_ENUM_CONVERSION = YES;
				CLANG_WARN_INFINITE_RECURSION = YES;
				CLANG_WARN_INT_CONVERSION = YES;
				CLANG_WARN_OBJC_ROOT_CLASS = YES_ERROR;
				CLANG_WARN_SUSPICIOUS_MOVE = YES;
				CLANG_WARN_UNREACHABLE_CODE = YES;
				CLANG_WARN__DUPLICATE_METHOD_MATCH = YES;
				"CODE_SIGN_IDENTITY[sdk=iphoneos*]" = "iPhone Developer";
				COPY_PHASE_STRIP = NO;
				DEBUG_INFORMATION_FORMAT = "dwarf-with-dsym";
				ENABLE_NS_ASSERTIONS = NO;
				ENABLE_STRICT_OBJC_MSGSEND = YES;
				GCC_C_LANGUAGE_STANDARD = gnu99;
				GCC_NO_COMMON_BLOCKS = YES;
				GCC_WARN_64_TO_32_BIT_CONVERSION = YES;
				GCC_WARN_ABOUT_RETURN_TYPE = YES_ERROR;
				GCC_WARN_UNDECLARED_SELECTOR = YES;
				GCC_WARN_UNINITIALIZED_AUTOS = YES_AGGRESSIVE;
				GCC_WARN_UNUSED_FUNCTION = YES;
				GCC_WARN_UNUSED_VARIABLE = YES;
				IPHONEOS_DEPLOYMENT_TARGET = 10.3;
				MTL_ENABLE_DEBUG_INFO = NO;
				SDKROOT = iphoneos;
				SWIFT_OPTIMIZATION_LEVEL = "-Owholemodule";
				VALIDATE_PRODUCT = YES;
			};
			name = Release;
		};
		DAD9473F1F67A5030078B63C /* Debug */ = {
			isa = XCBuildConfiguration;
			buildSettings = {
				ASSETCATALOG_COMPILER_APPICON_NAME = AppIcon;
				INFOPLIST_FILE = 18_swipe/Info.plist;
				LD_RUNPATH_SEARCH_PATHS = "$(inherited) @executable_path/Frameworks";
				PRODUCT_BUNDLE_IDENTIFIER = "com.choyoungkwang.-8-swipe";
				PRODUCT_NAME = "$(TARGET_NAME)";
				SWIFT_VERSION = 3.0;
			};
			name = Debug;
		};
		DAD947401F67A5030078B63C /* Release */ = {
			isa = XCBuildConfiguration;
			buildSettings = {
				ASSETCATALOG_COMPILER_APPICON_NAME = AppIcon;
				INFOPLIST_FILE = 18_swipe/Info.plist;
				LD_RUNPATH_SEARCH_PATHS = "$(inherited) @executable_path/Frameworks";
				PRODUCT_BUNDLE_IDENTIFIER = "com.choyoungkwang.-8-swipe";
				PRODUCT_NAME = "$(TARGET_NAME)";
				SWIFT_VERSION = 3.0;
			};
			name = Release;
		};
/* End XCBuildConfiguration section */

/* Begin XCConfigurationList section */
		DAD947271F67A5030078B63C /* Build configuration list for PBXProject "18_swipe" */ = {
			isa = XCConfigurationList;
			buildConfigurations = (
				DAD9473C1F67A5030078B63C /* Debug */,
				DAD9473D1F67A5030078B63C /* Release */,
			);
			defaultConfigurationIsVisible = 0;
			defaultConfigurationName = Release;
		};
		DAD9473E1F67A5030078B63C /* Build configuration list for PBXNativeTarget "18_swipe" */ = {
			isa = XCConfigurationList;
			buildConfigurations = (
				DAD9473F1F67A5030078B63C /* Debug */,
				DAD947401F67A5030078B63C /* Release */,
			);
			defaultConfigurationIsVisible = 0;
		};
/* End XCConfigurationList section */
	};
	rootObject = DAD947241F67A5030078B63C /* Project object */;
}
