// !$*UTF8*$!
{
	archiveVersion = 1;
	classes = {
	};
	objectVersion = 46;
	objects = {

/* Begin PBXBuildFile section */
		DAD946D61F6770C40078B63C /* AppDelegate.swift in Sources */ = {isa = PBXBuildFile; fileRef = DAD946D51F6770C40078B63C /* AppDelegate.swift */; };
		DAD946D81F6770C40078B63C /* ViewController.swift in Sources */ = {isa = PBXBuildFile; fileRef = DAD946D71F6770C40078B63C /* ViewController.swift */; };
		DAD946DB1F6770C40078B63C /* Main.storyboard in Resources */ = {isa = PBXBuildFile; fileRef = DAD946D91F6770C40078B63C /* Main.storyboard */; };
		DAD946DD1F6770C40078B63C /* Assets.xcassets in Resources */ = {isa = PBXBuildFile; fileRef = DAD946DC1F6770C40078B63C /* Assets.xcassets */; };
		DAD946E01F6770C40078B63C /* LaunchScreen.storyboard in Resources */ = {isa = PBXBuildFile; fileRef = DAD946DE1F6770C40078B63C /* LaunchScreen.storyboard */; };
/* End PBXBuildFile section */

/* Begin PBXFileReference section */
		DAD946D21F6770C40078B63C /* 16_drawGraphics.app */ = {isa = PBXFileReference; explicitFileType = wrapper.application; includeInIndex = 0; path = 16_drawGraphics.app; sourceTree = BUILT_PRODUCTS_DIR; };
		DAD946D51F6770C40078B63C /* AppDelegate.swift */ = {isa = PBXFileReference; lastKnownFileType = sourcecode.swift; path = AppDelegate.swift; sourceTree = "<group>"; };
		DAD946D71F6770C40078B63C /* ViewController.swift */ = {isa = PBXFileReference; lastKnownFileType = sourcecode.swift; path = ViewController.swift; sourceTree = "<group>"; };
		DAD946DA1F6770C40078B63C /* Base */ = {isa = PBXFileReference; lastKnownFileType = file.storyboard; name = Base; path = Base.lproj/Main.storyboard; sourceTree = "<group>"; };
		DAD946DC1F6770C40078B63C /* Assets.xcassets */ = {isa = PBXFileReference; lastKnownFileType = folder.assetcatalog; path = Assets.xcassets; sourceTree = "<group>"; };
		DAD946DF1F6770C40078B63C /* Base */ = {isa = PBXFileReference; lastKnownFileType = file.storyboard; name = Base; path = Base.lproj/LaunchScreen.storyboard; sourceTree = "<group>"; };
		DAD946E11F6770C40078B63C /* Info.plist */ = {isa = PBXFileReference; lastKnownFileType = text.plist.xml; path = Info.plist; sourceTree = "<group>"; };
/* End PBXFileReference section */

/* Begin PBXFrameworksBuildPhase section */
		DAD946CF1F6770C40078B63C /* Frameworks */ = {
			isa = PBXFrameworksBuildPhase;
			buildActionMask = 2147483647;
			files = (
			);
			runOnlyForDeploymentPostprocessing = 0;
		};
/* End PBXFrameworksBuildPhase section */

/* Begin PBXGroup section */
		DAD946C91F6770C40078B63C = {
			isa = PBXGroup;
			children = (
				DAD946D41F6770C40078B63C /* 16_drawGraphics */,
				DAD946D31F6770C40078B63C /* Products */,
			);
			sourceTree = "<group>";
		};
		DAD946D31F6770C40078B63C /* Products */ = {
			isa = PBXGroup;
			children = (
				DAD946D21F6770C40078B63C /* 16_drawGraphics.app */,
			);
			name = Products;
			sourceTree = "<group>";
		};
		DAD946D41F6770C40078B63C /* 16_drawGraphics */ = {
			isa = PBXGroup;
			children = (
				DAD946D51F6770C40078B63C /* AppDelegate.swift */,
				DAD946D71F6770C40078B63C /* ViewController.swift */,
				DAD946D91F6770C40078B63C /* Main.storyboard */,
				DAD946DC1F6770C40078B63C /* Assets.xcassets */,
				DAD946DE1F6770C40078B63C /* LaunchScreen.storyboard */,
				DAD946E11F6770C40078B63C /* Info.plist */,
			);
			path = 16_drawGraphics;
			sourceTree = "<group>";
		};
/* End PBXGroup section */

/* Begin PBXNativeTarget section */
		DAD946D11F6770C40078B63C /* 16_drawGraphics */ = {
			isa = PBXNativeTarget;
			buildConfigurationList = DAD946E41F6770C40078B63C /* Build configuration list for PBXNativeTarget "16_drawGraphics" */;
			buildPhases = (
				DAD946CE1F6770C40078B63C /* Sources */,
				DAD946CF1F6770C40078B63C /* Frameworks */,
				DAD946D01F6770C40078B63C /* Resources */,
			);
			buildRules = (
			);
			dependencies = (
			);
			name = 16_drawGraphics;
			productName = 16_drawGraphics;
			productReference = DAD946D21F6770C40078B63C /* 16_drawGraphics.app */;
			productType = "com.apple.product-type.application";
		};
/* End PBXNativeTarget section */

/* Begin PBXProject section */
		DAD946CA1F6770C40078B63C /* Project object */ = {
			isa = PBXProject;
			attributes = {
				LastSwiftUpdateCheck = 0830;
				LastUpgradeCheck = 0830;
				ORGANIZATIONNAME = choyoungkwang;
				TargetAttributes = {
					DAD946D11F6770C40078B63C = {
						CreatedOnToolsVersion = 8.3.3;
						ProvisioningStyle = Automatic;
					};
				};
			};
			buildConfigurationList = DAD946CD1F6770C40078B63C /* Build configuration list for PBXProject "16_drawGraphics" */;
			compatibilityVersion = "Xcode 3.2";
			developmentRegion = English;
			hasScannedForEncodings = 0;
			knownRegions = (
				en,
				Base,
			);
			mainGroup = DAD946C91F6770C40078B63C;
			productRefGroup = DAD946D31F6770C40078B63C /* Products */;
			projectDirPath = "";
			projectRoot = "";
			targets = (
				DAD946D11F6770C40078B63C /* 16_drawGraphics */,
			);
		};
/* End PBXProject section */

/* Begin PBXResourcesBuildPhase section */
		DAD946D01F6770C40078B63C /* Resources */ = {
			isa = PBXResourcesBuildPhase;
			buildActionMask = 2147483647;
			files = (
				DAD946E01F6770C40078B63C /* LaunchScreen.storyboard in Resources */,
				DAD946DD1F6770C40078B63C /* Assets.xcassets in Resources */,
				DAD946DB1F6770C40078B63C /* Main.storyboard in Resources */,
			);
			runOnlyForDeploymentPostprocessing = 0;
		};
/* End PBXResourcesBuildPhase section */

/* Begin PBXSourcesBuildPhase section */
		DAD946CE1F6770C40078B63C /* Sources */ = {
			isa = PBXSourcesBuildPhase;
			buildActionMask = 2147483647;
			files = (
				DAD946D81F6770C40078B63C /* ViewController.swift in Sources */,
				DAD946D61F6770C40078B63C /* AppDelegate.swift in Sources */,
			);
			runOnlyForDeploymentPostprocessing = 0;
		};
/* End PBXSourcesBuildPhase section */

/* Begin PBXVariantGroup section */
		DAD946D91F6770C40078B63C /* Main.storyboard */ = {
			isa = PBXVariantGroup;
			children = (
				DAD946DA1F6770C40078B63C /* Base */,
			);
			name = Main.storyboard;
			sourceTree = "<group>";
		};
		DAD946DE1F6770C40078B63C /* LaunchScreen.storyboard */ = {
			isa = PBXVariantGroup;
			children = (
				DAD946DF1F6770C40078B63C /* Base */,
			);
			name = LaunchScreen.storyboard;
			sourceTree = "<group>";
		};
/* End PBXVariantGroup section */

/* Begin XCBuildConfiguration section */
		DAD946E21F6770C40078B63C /* Debug */ = {
			isa = XCBuildConfiguration;
			buildSettings = {
				ALWAYS_SEARCH_USER_PATHS = NO;
				CLANG_ANALYZER_NONNULL = YES;
				CLANG_ANALYZER_NUMBER_OBJECT_CONVERSION = YES_AGGRESSIVE;
				CLANG_CXX_LANGUAGE_STANDARD = "gnu++0x";
				CLANG_CXX_LIBRARY = "libc++";
				CLANG_ENABLE_MODULES = YES;
				CLANG_ENABLE_OBJC_ARC = YES;
				CLANG_WARN_BOOL_CONVERSION = YES;
				CLANG_WARN_CONSTANT_CONVERSION = YES;
				CLANG_WARN_DIRECT_OBJC_ISA_USAGE = YES_ERROR;
				CLANG_WARN_DOCUMENTATION_COMMENTS = YES;
				CLANG_WARN_EMPTY_BODY = YES;
				CLANG_WARN_ENUM_CONVERSION = YES;
				CLANG_WARN_INFINITE_RECURSION = YES;
				CLANG_WARN_INT_CONVERSION = YES;
				CLANG_WARN_OBJC_ROOT_CLASS = YES_ERROR;
				CLANG_WARN_SUSPICIOUS_MOVE = YES;
				CLANG_WARN_UNREACHABLE_CODE = YES;
				CLANG_WARN__DUPLICATE_METHOD_MATCH = YES;
				"CODE_SIGN_IDENTITY[sdk=iphoneos*]" = "iPhone Developer";
				COPY_PHASE_STRIP = NO;
				DEBUG_INFORMATION_FORMAT = dwarf;
				ENABLE_STRICT_OBJC_MSGSEND = YES;
				ENABLE_TESTABILITY = YES;
				GCC_C_LANGUAGE_STANDARD = gnu99;
				GCC_DYNAMIC_NO_PIC = NO;
				GCC_NO_COMMON_BLOCKS = YES;
				GCC_OPTIMIZATION_LEVEL = 0;
				GCC_PREPROCESSOR_DEFINITIONS = (
					"DEBUG=1",
					"$(inherited)",
				);
				GCC_WARN_64_TO_32_BIT_CONVERSION = YES;
				GCC_WARN_ABOUT_RETURN_TYPE = YES_ERROR;
				GCC_WARN_UNDECLARED_SELECTOR = YES;
				GCC_WARN_UNINITIALIZED_AUTOS = YES_AGGRESSIVE;
				GCC_WARN_UNUSED_FUNCTION = YES;
				GCC_WARN_UNUSED_VARIABLE = YES;
				IPHONEOS_DEPLOYMENT_TARGET = 10.3;
				MTL_ENABLE_DEBUG_INFO = YES;
				ONLY_ACTIVE_ARCH = YES;
				SDKROOT = iphoneos;
				SWIFT_ACTIVE_COMPILATION_CONDITIONS = DEBUG;
				SWIFT_OPTIMIZATION_LEVEL = "-Onone";
			};
			name = Debug;
		};
		DAD946E31F6770C40078B63C /* Release */ = {
			isa = XCBuildConfiguration;
			buildSettings = {
				ALWAYS_SEARCH_USER_PATHS = NO;
				CLANG_ANALYZER_NONNULL = YES;
				CLANG_ANALYZER_NUMBER_OBJECT_CONVERSION = YES_AGGRESSIVE;
				CLANG_CXX_LANGUAGE_STANDARD = "gnu++0x";
				CLANG_CXX_LIBRARY = "libc++";
				CLANG_ENABLE_MODULES = YES;
				CLANG_ENABLE_OBJC_ARC = YES;
				CLANG_WARN_BOOL_CONVERSION = YES;
				CLANG_WARN_CONSTANT_CONVERSION = YES;
				CLANG_WARN_DIRECT_OBJC_ISA_USAGE = YES_ERROR;
				CLANG_WARN_DOCUMENTATION_COMMENTS = YES;
				CLANG_WARN_EMPTY_BODY = YES;
				CLANG_WARN_ENUM_CONVERSION = YES;
				CLANG_WARN_INFINITE_RECURSION = YES;
				CLANG_WARN_INT_CONVERSION = YES;
				CLANG_WARN_OBJC_ROOT_CLASS = YES_ERROR;
				CLANG_WARN_SUSPICIOUS_MOVE = YES;
				CLANG_WARN_UNREACHABLE_CODE = YES;
				CLANG_WARN__DUPLICATE_METHOD_MATCH = YES;
				"CODE_SIGN_IDENTITY[sdk=iphoneos*]" = "iPhone Developer";
				COPY_PHASE_STRIP = NO;
				DEBUG_INFORMATION_FORMAT = "dwarf-with-dsym";
				ENABLE_NS_ASSERTIONS = NO;
				ENABLE_STRICT_OBJC_MSGSEND = YES;
				GCC_C_LANGUAGE_STANDARD = gnu99;
				GCC_NO_COMMON_BLOCKS = YES;
				GCC_WARN_64_TO_32_BIT_CONVERSION = YES;
				GCC_WARN_ABOUT_RETURN_TYPE = YES_ERROR;
				GCC_WARN_UNDECLARED_SELECTOR = YES;
				GCC_WARN_UNINITIALIZED_AUTOS = YES_AGGRESSIVE;
				GCC_WARN_UNUSED_FUNCTION = YES;
				GCC_WARN_UNUSED_VARIABLE = YES;
				IPHONEOS_DEPLOYMENT_TARGET = 10.3;
				MTL_ENABLE_DEBUG_INFO = NO;
				SDKROOT = iphoneos;
				SWIFT_OPTIMIZATION_LEVEL = "-Owholemodule";
				VALIDATE_PRODUCT = YES;
			};
			name = Release;
		};
		DAD946E51F6770C40078B63C /* Debug */ = {
			isa = XCBuildConfiguration;
			buildSettings = {
				ASSETCATALOG_COMPILER_APPICON_NAME = AppIcon;
				INFOPLIST_FILE = 16_drawGraphics/Info.plist;
				LD_RUNPATH_SEARCH_PATHS = "$(inherited) @executable_path/Frameworks";
				PRODUCT_BUNDLE_IDENTIFIER = "com.choyoungkwang.-6-drawGraphics";
				PRODUCT_NAME = "$(TARGET_NAME)";
				SWIFT_VERSION = 3.0;
			};
			name = Debug;
		};
		DAD946E61F6770C40078B63C /* Release */ = {
			isa = XCBuildConfiguration;
			buildSettings = {
				ASSETCATALOG_COMPILER_APPICON_NAME = AppIcon;
				INFOPLIST_FILE = 16_drawGraphics/Info.plist;
				LD_RUNPATH_SEARCH_PATHS = "$(inherited) @executable_path/Frameworks";
				PRODUCT_BUNDLE_IDENTIFIER = "com.choyoungkwang.-6-drawGraphics";
				PRODUCT_NAME = "$(TARGET_NAME)";
				SWIFT_VERSION = 3.0;
			};
			name = Release;
		};
/* End XCBuildConfiguration section */

/* Begin XCConfigurationList section */
		DAD946CD1F6770C40078B63C /* Build configuration list for PBXProject "16_drawGraphics" */ = {
			isa = XCConfigurationList;
			buildConfigurations = (
				DAD946E21F6770C40078B63C /* Debug */,
				DAD946E31F6770C40078B63C /* Release */,
			);
			defaultConfigurationIsVisible = 0;
			defaultConfigurationName = Release;
		};
		DAD946E41F6770C40078B63C /* Build configuration list for PBXNativeTarget "16_drawGraphics" */ = {
			isa = XCConfigurationList;
			buildConfigurations = (
				DAD946E51F6770C40078B63C /* Debug */,
				DAD946E61F6770C40078B63C /* Release */,
			);
			defaultConfigurationIsVisible = 0;
		};
/* End XCConfigurationList section */
	};
	rootObject = DAD946CA1F6770C40078B63C /* Project object */;
}
