// !$*UTF8*$!
{
	archiveVersion = 1;
	classes = {
	};
	objectVersion = 46;
	objects = {

/* Begin PBXBuildFile section */
		626C91B11F13637400D55E45 /* AppDelegate.swift in Sources */ = {isa = PBXBuildFile; fileRef = 626C91B01F13637400D55E45 /* AppDelegate.swift */; };
		626C91B31F13637400D55E45 /* ViewController.swift in Sources */ = {isa = PBXBuildFile; fileRef = 626C91B21F13637400D55E45 /* ViewController.swift */; };
		626C91B61F13637400D55E45 /* Main.storyboard in Resources */ = {isa = PBXBuildFile; fileRef = 626C91B41F13637400D55E45 /* Main.storyboard */; };
		626C91B81F13637400D55E45 /* Assets.xcassets in Resources */ = {isa = PBXBuildFile; fileRef = 626C91B71F13637400D55E45 /* Assets.xcassets */; };
		626C91BB1F13637400D55E45 /* LaunchScreen.storyboard in Resources */ = {isa = PBXBuildFile; fileRef = 626C91B91F13637400D55E45 /* LaunchScreen.storyboard */; };
		626C91C51F1363CC00D55E45 /* lamp-off.png in Resources */ = {isa = PBXBuildFile; fileRef = 626C91C21F1363CC00D55E45 /* lamp-off.png */; };
		626C91C61F1363CC00D55E45 /* lamp-on.png in Resources */ = {isa = PBXBuildFile; fileRef = 626C91C31F1363CC00D55E45 /* lamp-on.png */; };
		626C91C71F1363CC00D55E45 /* lamp-remove.png in Resources */ = {isa = PBXBuildFile; fileRef = 626C91C41F1363CC00D55E45 /* lamp-remove.png */; };
/* End PBXBuildFile section */

/* Begin PBXFileReference section */
		626C91AD1F13637400D55E45 /* Alert.app */ = {isa = PBXFileReference; explicitFileType = wrapper.application; includeInIndex = 0; path = Alert.app; sourceTree = BUILT_PRODUCTS_DIR; };
		626C91B01F13637400D55E45 /* AppDelegate.swift */ = {isa = PBXFileReference; lastKnownFileType = sourcecode.swift; path = AppDelegate.swift; sourceTree = "<group>"; };
		626C91B21F13637400D55E45 /* ViewController.swift */ = {isa = PBXFileReference; lastKnownFileType = sourcecode.swift; path = ViewController.swift; sourceTree = "<group>"; };
		626C91B51F13637400D55E45 /* Base */ = {isa = PBXFileReference; lastKnownFileType = file.storyboard; name = Base; path = Base.lproj/Main.storyboard; sourceTree = "<group>"; };
		626C91B71F13637400D55E45 /* Assets.xcassets */ = {isa = PBXFileReference; lastKnownFileType = folder.assetcatalog; path = Assets.xcassets; sourceTree = "<group>"; };
		626C91BA1F13637400D55E45 /* Base */ = {isa = PBXFileReference; lastKnownFileType = file.storyboard; name = Base; path = Base.lproj/LaunchScreen.storyboard; sourceTree = "<group>"; };
		626C91BC1F13637400D55E45 /* Info.plist */ = {isa = PBXFileReference; lastKnownFileType = text.plist.xml; path = Info.plist; sourceTree = "<group>"; };
		626C91C21F1363CC00D55E45 /* lamp-off.png */ = {isa = PBXFileReference; lastKnownFileType = image.png; path = "lamp-off.png"; sourceTree = "<group>"; };
		626C91C31F1363CC00D55E45 /* lamp-on.png */ = {isa = PBXFileReference; lastKnownFileType = image.png; path = "lamp-on.png"; sourceTree = "<group>"; };
		626C91C41F1363CC00D55E45 /* lamp-remove.png */ = {isa = PBXFileReference; lastKnownFileType = image.png; path = "lamp-remove.png"; sourceTree = "<group>"; };
/* End PBXFileReference section */

/* Begin PBXFrameworksBuildPhase section */
		626C91AA1F13637400D55E45 /* Frameworks */ = {
			isa = PBXFrameworksBuildPhase;
			buildActionMask = 2147483647;
			files = (
			);
			runOnlyForDeploymentPostprocessing = 0;
		};
/* End PBXFrameworksBuildPhase section */

/* Begin PBXGroup section */
		626C91A41F13637400D55E45 = {
			isa = PBXGroup;
			children = (
				626C91AF1F13637400D55E45 /* Alert */,
				626C91AE1F13637400D55E45 /* Products */,
			);
			sourceTree = "<group>";
		};
		626C91AE1F13637400D55E45 /* Products */ = {
			isa = PBXGroup;
			children = (
				626C91AD1F13637400D55E45 /* Alert.app */,
			);
			name = Products;
			sourceTree = "<group>";
		};
		626C91AF1F13637400D55E45 /* Alert */ = {
			isa = PBXGroup;
			children = (
				626C91C21F1363CC00D55E45 /* lamp-off.png */,
				626C91C31F1363CC00D55E45 /* lamp-on.png */,
				626C91C41F1363CC00D55E45 /* lamp-remove.png */,
				626C91B01F13637400D55E45 /* AppDelegate.swift */,
				626C91B21F13637400D55E45 /* ViewController.swift */,
				626C91B41F13637400D55E45 /* Main.storyboard */,
				626C91B71F13637400D55E45 /* Assets.xcassets */,
				626C91B91F13637400D55E45 /* LaunchScreen.storyboard */,
				626C91BC1F13637400D55E45 /* Info.plist */,
			);
			path = Alert;
			sourceTree = "<group>";
		};
/* End PBXGroup section */

/* Begin PBXNativeTarget section */
		626C91AC1F13637400D55E45 /* Alert */ = {
			isa = PBXNativeTarget;
			buildConfigurationList = 626C91BF1F13637400D55E45 /* Build configuration list for PBXNativeTarget "Alert" */;
			buildPhases = (
				626C91A91F13637400D55E45 /* Sources */,
				626C91AA1F13637400D55E45 /* Frameworks */,
				626C91AB1F13637400D55E45 /* Resources */,
			);
			buildRules = (
			);
			dependencies = (
			);
			name = Alert;
			productName = Alert;
			productReference = 626C91AD1F13637400D55E45 /* Alert.app */;
			productType = "com.apple.product-type.application";
		};
/* End PBXNativeTarget section */

/* Begin PBXProject section */
		626C91A51F13637400D55E45 /* Project object */ = {
			isa = PBXProject;
			attributes = {
				LastSwiftUpdateCheck = 0830;
				LastUpgradeCheck = 0830;
				ORGANIZATIONNAME = yanyangTest;
				TargetAttributes = {
					626C91AC1F13637400D55E45 = {
						CreatedOnToolsVersion = 8.3.3;
						DevelopmentTeam = ZSRT6TBHV7;
						ProvisioningStyle = Automatic;
					};
				};
			};
			buildConfigurationList = 626C91A81F13637400D55E45 /* Build configuration list for PBXProject "Alert" */;
			compatibilityVersion = "Xcode 3.2";
			developmentRegion = English;
			hasScannedForEncodings = 0;
			knownRegions = (
				en,
				Base,
			);
			mainGroup = 626C91A41F13637400D55E45;
			productRefGroup = 626C91AE1F13637400D55E45 /* Products */;
			projectDirPath = "";
			projectRoot = "";
			targets = (
				626C91AC1F13637400D55E45 /* Alert */,
			);
		};
/* End PBXProject section */

/* Begin PBXResourcesBuildPhase section */
		626C91AB1F13637400D55E45 /* Resources */ = {
			isa = PBXResourcesBuildPhase;
			buildActionMask = 2147483647;
			files = (
				626C91BB1F13637400D55E45 /* LaunchScreen.storyboard in Resources */,
				626C91C71F1363CC00D55E45 /* lamp-remove.png in Resources */,
				626C91C51F1363CC00D55E45 /* lamp-off.png in Resources */,
				626C91B81F13637400D55E45 /* Assets.xcassets in Resources */,
				626C91B61F13637400D55E45 /* Main.storyboard in Resources */,
				626C91C61F1363CC00D55E45 /* lamp-on.png in Resources */,
			);
			runOnlyForDeploymentPostprocessing = 0;
		};
/* End PBXResourcesBuildPhase section */

/* Begin PBXSourcesBuildPhase section */
		626C91A91F13637400D55E45 /* Sources */ = {
			isa = PBXSourcesBuildPhase;
			buildActionMask = 2147483647;
			files = (
				626C91B31F13637400D55E45 /* ViewController.swift in Sources */,
				626C91B11F13637400D55E45 /* AppDelegate.swift in Sources */,
			);
			runOnlyForDeploymentPostprocessing = 0;
		};
/* End PBXSourcesBuildPhase section */

/* Begin PBXVariantGroup section */
		626C91B41F13637400D55E45 /* Main.storyboard */ = {
			isa = PBXVariantGroup;
			children = (
				626C91B51F13637400D55E45 /* Base */,
			);
			name = Main.storyboard;
			sourceTree = "<group>";
		};
		626C91B91F13637400D55E45 /* LaunchScreen.storyboard */ = {
			isa = PBXVariantGroup;
			children = (
				626C91BA1F13637400D55E45 /* Base */,
			);
			name = LaunchScreen.storyboard;
			sourceTree = "<group>";
		};
/* End PBXVariantGroup section */

/* Begin XCBuildConfiguration section */
		626C91BD1F13637400D55E45 /* Debug */ = {
			isa = XCBuildConfiguration;
			buildSettings = {
				ALWAYS_SEARCH_USER_PATHS = NO;
				CLANG_ANALYZER_NONNULL = YES;
				CLANG_ANALYZER_NUMBER_OBJECT_CONVERSION = YES_AGGRESSIVE;
				CLANG_CXX_LANGUAGE_STANDARD = "gnu++0x";
				CLANG_CXX_LIBRARY = "libc++";
				CLANG_ENABLE_MODULES = YES;
				CLANG_ENABLE_OBJC_ARC = YES;
				CLANG_WARN_BOOL_CONVERSION = YES;
				CLANG_WARN_CONSTANT_CONVERSION = YES;
				CLANG_WARN_DIRECT_OBJC_ISA_USAGE = YES_ERROR;
				CLANG_WARN_DOCUMENTATION_COMMENTS = YES;
				CLANG_WARN_EMPTY_BODY = YES;
				CLANG_WARN_ENUM_CONVERSION = YES;
				CLANG_WARN_INFINITE_RECURSION = YES;
				CLANG_WARN_INT_CONVERSION = YES;
				CLANG_WARN_OBJC_ROOT_CLASS = YES_ERROR;
				CLANG_WARN_SUSPICIOUS_MOVE = YES;
				CLANG_WARN_UNREACHABLE_CODE = YES;
				CLANG_WARN__DUPLICATE_METHOD_MATCH = YES;
				"CODE_SIGN_IDENTITY[sdk=iphoneos*]" = "iPhone Developer";
				COPY_PHASE_STRIP = NO;
				DEBUG_INFORMATION_FORMAT = dwarf;
				ENABLE_STRICT_OBJC_MSGSEND = YES;
				ENABLE_TESTABILITY = YES;
				GCC_C_LANGUAGE_STANDARD = gnu99;
				GCC_DYNAMIC_NO_PIC = NO;
				GCC_NO_COMMON_BLOCKS = YES;
				GCC_OPTIMIZATION_LEVEL = 0;
				GCC_PREPROCESSOR_DEFINITIONS = (
					"DEBUG=1",
					"$(inherited)",
				);
				GCC_WARN_64_TO_32_BIT_CONVERSION = YES;
				GCC_WARN_ABOUT_RETURN_TYPE = YES_ERROR;
				GCC_WARN_UNDECLARED_SELECTOR = YES;
				GCC_WARN_UNINITIALIZED_AUTOS = YES_AGGRESSIVE;
				GCC_WARN_UNUSED_FUNCTION = YES;
				GCC_WARN_UNUSED_VARIABLE = YES;
				IPHONEOS_DEPLOYMENT_TARGET = 10.3;
				MTL_ENABLE_DEBUG_INFO = YES;
				ONLY_ACTIVE_ARCH = YES;
				SDKROOT = iphoneos;
				SWIFT_ACTIVE_COMPILATION_CONDITIONS = DEBUG;
				SWIFT_OPTIMIZATION_LEVEL = "-Onone";
			};
			name = Debug;
		};
		626C91BE1F13637400D55E45 /* Release */ = {
			isa = XCBuildConfiguration;
			buildSettings = {
				ALWAYS_SEARCH_USER_PATHS = NO;
				CLANG_ANALYZER_NONNULL = YES;
				CLANG_ANALYZER_NUMBER_OBJECT_CONVERSION = YES_AGGRESSIVE;
				CLANG_CXX_LANGUAGE_STANDARD = "gnu++0x";
				CLANG_CXX_LIBRARY = "libc++";
				CLANG_ENABLE_MODULES = YES;
				CLANG_ENABLE_OBJC_ARC = YES;
				CLANG_WARN_BOOL_CONVERSION = YES;
				CLANG_WARN_CONSTANT_CONVERSION = YES;
				CLANG_WARN_DIRECT_OBJC_ISA_USAGE = YES_ERROR;
				CLANG_WARN_DOCUMENTATION_COMMENTS = YES;
				CLANG_WARN_EMPTY_BODY = YES;
				CLANG_WARN_ENUM_CONVERSION = YES;
				CLANG_WARN_INFINITE_RECURSION = YES;
				CLANG_WARN_INT_CONVERSION = YES;
				CLANG_WARN_OBJC_ROOT_CLASS = YES_ERROR;
				CLANG_WARN_SUSPICIOUS_MOVE = YES;
				CLANG_WARN_UNREACHABLE_CODE = YES;
				CLANG_WARN__DUPLICATE_METHOD_MATCH = YES;
				"CODE_SIGN_IDENTITY[sdk=iphoneos*]" = "iPhone Developer";
				COPY_PHASE_STRIP = NO;
				DEBUG_INFORMATION_FORMAT = "dwarf-with-dsym";
				ENABLE_NS_ASSERTIONS = NO;
				ENABLE_STRICT_OBJC_MSGSEND = YES;
				GCC_C_LANGUAGE_STANDARD = gnu99;
				GCC_NO_COMMON_BLOCKS = YES;
				GCC_WARN_64_TO_32_BIT_CONVERSION = YES;
				GCC_WARN_ABOUT_RETURN_TYPE = YES_ERROR;
				GCC_WARN_UNDECLARED_SELECTOR = YES;
				GCC_WARN_UNINITIALIZED_AUTOS = YES_AGGRESSIVE;
				GCC_WARN_UNUSED_FUNCTION = YES;
				GCC_WARN_UNUSED_VARIABLE = YES;
				IPHONEOS_DEPLOYMENT_TARGET = 10.3;
				MTL_ENABLE_DEBUG_INFO = NO;
				SDKROOT = iphoneos;
				SWIFT_OPTIMIZATION_LEVEL = "-Owholemodule";
				VALIDATE_PRODUCT = YES;
			};
			name = Release;
		};
		626C91C01F13637400D55E45 /* Debug */ = {
			isa = XCBuildConfiguration;
			buildSettings = {
				ASSETCATALOG_COMPILER_APPICON_NAME = AppIcon;
				DEVELOPMENT_TEAM = ZSRT6TBHV7;
				INFOPLIST_FILE = Alert/Info.plist;
				LD_RUNPATH_SEARCH_PATHS = "$(inherited) @executable_path/Frameworks";
				PRODUCT_BUNDLE_IDENTIFIER = com.yanyang.Alert;
				PRODUCT_NAME = "$(TARGET_NAME)";
				SWIFT_VERSION = 3.0;
			};
			name = Debug;
		};
		626C91C11F13637400D55E45 /* Release */ = {
			isa = XCBuildConfiguration;
			buildSettings = {
				ASSETCATALOG_COMPILER_APPICON_NAME = AppIcon;
				DEVELOPMENT_TEAM = ZSRT6TBHV7;
				INFOPLIST_FILE = Alert/Info.plist;
				LD_RUNPATH_SEARCH_PATHS = "$(inherited) @executable_path/Frameworks";
				PRODUCT_BUNDLE_IDENTIFIER = com.yanyang.Alert;
				PRODUCT_NAME = "$(TARGET_NAME)";
				SWIFT_VERSION = 3.0;
			};
			name = Release;
		};
/* End XCBuildConfiguration section */

/* Begin XCConfigurationList section */
		626C91A81F13637400D55E45 /* Build configuration list for PBXProject "Alert" */ = {
			isa = XCConfigurationList;
			buildConfigurations = (
				626C91BD1F13637400D55E45 /* Debug */,
				626C91BE1F13637400D55E45 /* Release */,
			);
			defaultConfigurationIsVisible = 0;
			defaultConfigurationName = Release;
		};
		626C91BF1F13637400D55E45 /* Build configuration list for PBXNativeTarget "Alert" */ = {
			isa = XCConfigurationList;
			buildConfigurations = (
				626C91C01F13637400D55E45 /* Debug */,
				626C91C11F13637400D55E45 /* Release */,
			);
			defaultConfigurationIsVisible = 0;
		};
/* End XCConfigurationList section */
	};
	rootObject = 626C91A51F13637400D55E45 /* Project object */;
}
